// !$*UTF8*$!
{
	archiveVersion = 1;
	classes = {
	};
	objectVersion = 46;
	objects = {

/* Begin PBXBuildFile section */
		AF0B010A1F8190F4005F700E /* Metal.framework in Frameworks */ = {isa = PBXBuildFile; fileRef = AF0B01091F8190F4005F700E /* Metal.framework */; };
		AF0B010C1F819108005F700E /* QuartzCore.framework in Frameworks */ = {isa = PBXBuildFile; fileRef = AF0B010B1F819108005F700E /* QuartzCore.framework */; };
		AF0B01171F819662005F700E /* MetalView.m in Sources */ = {isa = PBXBuildFile; fileRef = AF0B01161F819662005F700E /* MetalView.m */; };
		AF12C9641F76B84400729018 /* AppKit.framework in Frameworks */ = {isa = PBXBuildFile; fileRef = 2C80B91A1F64285C00DA33C4 /* AppKit.framework */; };
		AF163620209A1A5800698574 /* Layout.cpp in Sources */ = {isa = PBXBuildFile; fileRef = AF16361F209A1A5800698574 /* Layout.cpp */; };
		AF163621209A1A5800698574 /* Layout.cpp in Sources */ = {isa = PBXBuildFile; fileRef = AF16361F209A1A5800698574 /* Layout.cpp */; };
		AF3F281020AB219400F9AD2D /* fontstash.h in Headers */ = {isa = PBXBuildFile; fileRef = AF3F280B20AB219400F9AD2D /* fontstash.h */; };
		AF3F281120AB219400F9AD2D /* nanovg_gl.h in Headers */ = {isa = PBXBuildFile; fileRef = AF3F280C20AB219400F9AD2D /* nanovg_gl.h */; };
		AF3F281220AB219400F9AD2D /* nanovg_gl_utils.h in Headers */ = {isa = PBXBuildFile; fileRef = AF3F280D20AB219400F9AD2D /* nanovg_gl_utils.h */; };
		AF3F281320AB219400F9AD2D /* nanovg.c in Sources */ = {isa = PBXBuildFile; fileRef = AF3F280E20AB219400F9AD2D /* nanovg.c */; };
		AF3F281420AB219400F9AD2D /* nanovg.c in Sources */ = {isa = PBXBuildFile; fileRef = AF3F280E20AB219400F9AD2D /* nanovg.c */; };
		AF3F281520AB219400F9AD2D /* nanovg.h in Headers */ = {isa = PBXBuildFile; fileRef = AF3F280F20AB219400F9AD2D /* nanovg.h */; };
		AF3F292220AB2A1C00F9AD2D /* trackball.cpp in Sources */ = {isa = PBXBuildFile; fileRef = AF3F292020AB2A1C00F9AD2D /* trackball.cpp */; };
		AF3F292320AB2A1C00F9AD2D /* trackball.cpp in Sources */ = {isa = PBXBuildFile; fileRef = AF3F292020AB2A1C00F9AD2D /* trackball.cpp */; };
		AF3F292420AB2A1C00F9AD2D /* trackball.h in Headers */ = {isa = PBXBuildFile; fileRef = AF3F292120AB2A1C00F9AD2D /* trackball.h */; };
		AF6C0BB9209A2531006F222B /* Aha.cpp in Sources */ = {isa = PBXBuildFile; fileRef = AF6C0BB8209A2531006F222B /* Aha.cpp */; };
		AF6C0BBA209A2531006F222B /* Aha.cpp in Sources */ = {isa = PBXBuildFile; fileRef = AF6C0BB8209A2531006F222B /* Aha.cpp */; };
		AF74D68D204593CE00A1D1DD /* OpenGL.framework in Frameworks */ = {isa = PBXBuildFile; fileRef = AF74D68C204593CE00A1D1DD /* OpenGL.framework */; };
		AF7F45021F76C5F900EAFEA9 /* WindowOSX.mm in Sources */ = {isa = PBXBuildFile; fileRef = 2C80B9171F64278700DA33C4 /* WindowOSX.mm */; };
		AFA6D77D1F7550D8006B9CA8 /* AppDelegate.mm in Sources */ = {isa = PBXBuildFile; fileRef = AFA6D77C1F7550D8006B9CA8 /* AppDelegate.mm */; };
		AFA6D7881F755620006B9CA8 /* ViewController.m in Sources */ = {isa = PBXBuildFile; fileRef = AFA6D7871F755620006B9CA8 /* ViewController.m */; };
		AFA6D78A1F756A9A006B9CA8 /* WindowIOS.mm in Sources */ = {isa = PBXBuildFile; fileRef = AFA6D7891F756A9A006B9CA8 /* WindowIOS.mm */; };
		AFA85F082079049E0083B81B /* RendererGLOSX.mm in Sources */ = {isa = PBXBuildFile; fileRef = AFA85F072079049E0083B81B /* RendererGLOSX.mm */; };
/* End PBXBuildFile section */

/* Begin PBXCopyFilesBuildPhase section */
		AF143EF81F716032000D0788 /* CopyFiles */ = {
			isa = PBXCopyFilesBuildPhase;
			buildActionMask = 2147483647;
			dstPath = "include/$(PRODUCT_NAME)";
			dstSubfolderSpec = 16;
			files = (
			);
			runOnlyForDeploymentPostprocessing = 0;
		};
/* End PBXCopyFilesBuildPhase section */

/* Begin PBXFileReference section */
		2C80B8F91F641DA500DA33C4 /* Aha.h */ = {isa = PBXFileReference; lastKnownFileType = sourcecode.c.h; path = Aha.h; sourceTree = "<group>"; };
		2C80B8FA1F641DD200DA33C4 /* Application.hpp */ = {isa = PBXFileReference; lastKnownFileType = sourcecode.cpp.h; path = Application.hpp; sourceTree = "<group>"; };
		2C80B8FE1F641EA800DA33C4 /* Window.hpp */ = {isa = PBXFileReference; fileEncoding = 4; lastKnownFileType = sourcecode.cpp.h; path = Window.hpp; sourceTree = "<group>"; };
		2C80B9031F6420B500DA33C4 /* SelectValue.hpp */ = {isa = PBXFileReference; lastKnownFileType = sourcecode.cpp.h; path = SelectValue.hpp; sourceTree = "<group>"; };
		2C80B90D1F64225900DA33C4 /* WindowAndroid.h */ = {isa = PBXFileReference; lastKnownFileType = sourcecode.c.h; path = WindowAndroid.h; sourceTree = "<group>"; };
		2C80B90E1F64228A00DA33C4 /* WindowIOS.h */ = {isa = PBXFileReference; lastKnownFileType = sourcecode.c.h; path = WindowIOS.h; sourceTree = "<group>"; };
		2C80B90F1F6422AC00DA33C4 /* WindowOSX.h */ = {isa = PBXFileReference; lastKnownFileType = sourcecode.c.h; path = WindowOSX.h; sourceTree = "<group>"; };
		2C80B9141F64254D00DA33C4 /* WindowWin.h */ = {isa = PBXFileReference; fileEncoding = 4; lastKnownFileType = sourcecode.c.h; path = WindowWin.h; sourceTree = "<group>"; };
		2C80B9171F64278700DA33C4 /* WindowOSX.mm */ = {isa = PBXFileReference; fileEncoding = 4; lastKnownFileType = sourcecode.cpp.objcpp; path = WindowOSX.mm; sourceTree = "<group>"; };
		2C80B91A1F64285C00DA33C4 /* AppKit.framework */ = {isa = PBXFileReference; lastKnownFileType = wrapper.framework; name = AppKit.framework; path = System/Library/Frameworks/AppKit.framework; sourceTree = SDKROOT; };
		AF0B01021F817403005F700E /* Renderer.hpp */ = {isa = PBXFileReference; lastKnownFileType = sourcecode.cpp.h; path = Renderer.hpp; sourceTree = "<group>"; };
		AF0B01041F817673005F700E /* HasID.hpp */ = {isa = PBXFileReference; lastKnownFileType = sourcecode.cpp.h; path = HasID.hpp; sourceTree = "<group>"; };
		AF0B01071F818DA1005F700E /* Vec2.hpp */ = {isa = PBXFileReference; lastKnownFileType = sourcecode.cpp.h; path = Vec2.hpp; sourceTree = "<group>"; };
		AF0B01081F818E63005F700E /* Rect.h */ = {isa = PBXFileReference; lastKnownFileType = sourcecode.c.h; path = Rect.h; sourceTree = "<group>"; };
		AF0B01091F8190F4005F700E /* Metal.framework */ = {isa = PBXFileReference; lastKnownFileType = wrapper.framework; name = Metal.framework; path = System/Library/Frameworks/Metal.framework; sourceTree = SDKROOT; };
		AF0B010B1F819108005F700E /* QuartzCore.framework */ = {isa = PBXFileReference; lastKnownFileType = wrapper.framework; name = QuartzCore.framework; path = System/Library/Frameworks/QuartzCore.framework; sourceTree = SDKROOT; };
		AF0B01111F8195B3005F700E /* GraphicsDriverMetal.h */ = {isa = PBXFileReference; lastKnownFileType = sourcecode.c.h; path = GraphicsDriverMetal.h; sourceTree = "<group>"; };
		AF0B01151F819662005F700E /* MetalView.h */ = {isa = PBXFileReference; fileEncoding = 4; lastKnownFileType = sourcecode.c.h; path = MetalView.h; sourceTree = "<group>"; };
		AF0B01161F819662005F700E /* MetalView.m */ = {isa = PBXFileReference; fileEncoding = 4; lastKnownFileType = sourcecode.c.objc; path = MetalView.m; sourceTree = "<group>"; };
		AF0D3F611F702457008864DD /* Compiler.hpp */ = {isa = PBXFileReference; lastKnownFileType = sourcecode.cpp.h; path = Compiler.hpp; sourceTree = "<group>"; };
		AF0D3F621F704005008864DD /* Config.hpp */ = {isa = PBXFileReference; lastKnownFileType = sourcecode.cpp.h; path = Config.hpp; sourceTree = "<group>"; };
		AF0D3F631F70403D008864DD /* Platform.hpp */ = {isa = PBXFileReference; lastKnownFileType = sourcecode.cpp.h; path = Platform.hpp; sourceTree = "<group>"; };
		AF12BC692003D2830000A955 /* Name.hpp */ = {isa = PBXFileReference; lastKnownFileType = sourcecode.cpp.h; path = Name.hpp; sourceTree = "<group>"; };
		AF12BC6A2003D33D0000A955 /* HasPosition.hpp */ = {isa = PBXFileReference; lastKnownFileType = sourcecode.cpp.h; path = HasPosition.hpp; sourceTree = "<group>"; };
		AF12BC6B2003D3EE0000A955 /* HasSize.hpp */ = {isa = PBXFileReference; lastKnownFileType = sourcecode.cpp.h; path = HasSize.hpp; sourceTree = "<group>"; };
		AF12BC6C2003D4260000A955 /* Scale.hpp */ = {isa = PBXFileReference; lastKnownFileType = sourcecode.cpp.h; path = Scale.hpp; sourceTree = "<group>"; };
		AF12BC6D2003D4DC0000A955 /* HasColor.hpp */ = {isa = PBXFileReference; lastKnownFileType = sourcecode.cpp.h; path = HasColor.hpp; sourceTree = "<group>"; };
		AF12BC6E2003D51E0000A955 /* Rotation.hpp */ = {isa = PBXFileReference; lastKnownFileType = sourcecode.cpp.h; path = Rotation.hpp; sourceTree = "<group>"; };
		AF12BC6F2003D6EF0000A955 /* HasParent.hpp */ = {isa = PBXFileReference; lastKnownFileType = sourcecode.cpp.h; path = HasParent.hpp; sourceTree = "<group>"; };
		AF12BC702003D7CA0000A955 /* HasChildren.hpp */ = {isa = PBXFileReference; lastKnownFileType = sourcecode.cpp.h; path = HasChildren.hpp; sourceTree = "<group>"; };
		AF12C9601F76B81A00729018 /* libAhaOSX.a */ = {isa = PBXFileReference; explicitFileType = archive.ar; includeInIndex = 0; path = libAhaOSX.a; sourceTree = BUILT_PRODUCTS_DIR; };
		AF143EFA1F716032000D0788 /* libAhaIOS.a */ = {isa = PBXFileReference; explicitFileType = archive.ar; includeInIndex = 0; path = libAhaIOS.a; sourceTree = BUILT_PRODUCTS_DIR; };
		AF1636152097393700698574 /* UICheckBox.hpp */ = {isa = PBXFileReference; lastKnownFileType = sourcecode.cpp.h; path = UICheckBox.hpp; sourceTree = "<group>"; };
		AF163616209745BC00698574 /* UIRespondsToMouseEvents.hpp */ = {isa = PBXFileReference; lastKnownFileType = sourcecode.cpp.h; path = UIRespondsToMouseEvents.hpp; sourceTree = "<group>"; };
		AF1636172097494D00698574 /* UIMouseEvents.hpp */ = {isa = PBXFileReference; lastKnownFileType = sourcecode.cpp.h; path = UIMouseEvents.hpp; sourceTree = "<group>"; };
		AF1636182098B3D400698574 /* Widget.hpp */ = {isa = PBXFileReference; lastKnownFileType = sourcecode.cpp.h; path = Widget.hpp; sourceTree = "<group>"; };
		AF1636192098BB3600698574 /* Layout.hpp */ = {isa = PBXFileReference; lastKnownFileType = sourcecode.cpp.h; path = Layout.hpp; sourceTree = "<group>"; };
		AF16361A2098CF0900698574 /* Theme.hpp */ = {isa = PBXFileReference; lastKnownFileType = sourcecode.cpp.h; path = Theme.hpp; sourceTree = "<group>"; };
		AF16361B2098D4DA00698574 /* Color.hpp */ = {isa = PBXFileReference; lastKnownFileType = sourcecode.cpp.h; path = Color.hpp; sourceTree = "<group>"; };
		AF16361C2098D51700698574 /* Vec4.hpp */ = {isa = PBXFileReference; lastKnownFileType = sourcecode.cpp.h; path = Vec4.hpp; sourceTree = "<group>"; };
		AF16361D2099ED6900698574 /* Vec3.hpp */ = {isa = PBXFileReference; lastKnownFileType = sourcecode.cpp.h; path = Vec3.hpp; sourceTree = "<group>"; };
		AF16361E2099F9D200698574 /* Entypo.hpp */ = {isa = PBXFileReference; lastKnownFileType = sourcecode.cpp.h; path = Entypo.hpp; sourceTree = "<group>"; };
		AF16361F209A1A5800698574 /* Layout.cpp */ = {isa = PBXFileReference; lastKnownFileType = sourcecode.cpp.cpp; path = Layout.cpp; sourceTree = "<group>"; };
		AF163623209A200100698574 /* UIWindow.hpp */ = {isa = PBXFileReference; lastKnownFileType = sourcecode.cpp.h; path = UIWindow.hpp; sourceTree = "<group>"; };
		AF2F36A0208F7FA000969216 /* Timer.hpp */ = {isa = PBXFileReference; lastKnownFileType = sourcecode.cpp.h; path = Timer.hpp; sourceTree = "<group>"; };
		AF336B09208B7AD700A6B95B /* Shader.hpp */ = {isa = PBXFileReference; lastKnownFileType = sourcecode.cpp.h; path = Shader.hpp; sourceTree = "<group>"; };
		AF336C45208CB07C00A6B95B /* Camera.hpp */ = {isa = PBXFileReference; lastKnownFileType = sourcecode.cpp.h; path = Camera.hpp; sourceTree = "<group>"; };
		AF336C46208CC3E800A6B95B /* Signal.hpp */ = {isa = PBXFileReference; lastKnownFileType = sourcecode.cpp.h; path = Signal.hpp; sourceTree = "<group>"; };
		AF336C47208CC6F300A6B95B /* Event.hpp */ = {isa = PBXFileReference; lastKnownFileType = sourcecode.cpp.h; path = Event.hpp; sourceTree = "<group>"; };
		AF3F22F420A710CA00F9AD2D /* HDRCubemap.hpp */ = {isa = PBXFileReference; lastKnownFileType = sourcecode.cpp.h; path = HDRCubemap.hpp; sourceTree = "<group>"; };
		AF3F27D120A73C0A00F9AD2D /* ControlledCamera.hpp */ = {isa = PBXFileReference; lastKnownFileType = sourcecode.cpp.h; path = ControlledCamera.hpp; sourceTree = "<group>"; };
		AF3F27D220A7572B00F9AD2D /* PBRQuad.hpp */ = {isa = PBXFileReference; lastKnownFileType = sourcecode.cpp.h; path = PBRQuad.hpp; sourceTree = "<group>"; };
		AF3F280320AB1F9C00F9AD2D /* tiny_gltf.h */ = {isa = PBXFileReference; lastKnownFileType = sourcecode.c.h; path = tiny_gltf.h; sourceTree = "<group>"; };
		AF3F280520AB1F9D00F9AD2D /* json.hpp */ = {isa = PBXFileReference; lastKnownFileType = sourcecode.cpp.h; path = json.hpp; sourceTree = "<group>"; };
		AF3F280720AB202300F9AD2D /* stb_image.h */ = {isa = PBXFileReference; lastKnownFileType = sourcecode.c.h; path = stb_image.h; sourceTree = "<group>"; };
		AF3F280820AB202300F9AD2D /* stb_image_write.h */ = {isa = PBXFileReference; lastKnownFileType = sourcecode.c.h; path = stb_image_write.h; sourceTree = "<group>"; };
		AF3F280920AB202300F9AD2D /* stb_truetype.h */ = {isa = PBXFileReference; lastKnownFileType = sourcecode.c.h; path = stb_truetype.h; sourceTree = "<group>"; };
		AF3F280B20AB219400F9AD2D /* fontstash.h */ = {isa = PBXFileReference; fileEncoding = 4; lastKnownFileType = sourcecode.c.h; path = fontstash.h; sourceTree = "<group>"; };
		AF3F280C20AB219400F9AD2D /* nanovg_gl.h */ = {isa = PBXFileReference; fileEncoding = 4; lastKnownFileType = sourcecode.c.h; path = nanovg_gl.h; sourceTree = "<group>"; };
		AF3F280D20AB219400F9AD2D /* nanovg_gl_utils.h */ = {isa = PBXFileReference; fileEncoding = 4; lastKnownFileType = sourcecode.c.h; path = nanovg_gl_utils.h; sourceTree = "<group>"; };
		AF3F280E20AB219400F9AD2D /* nanovg.c */ = {isa = PBXFileReference; fileEncoding = 4; lastKnownFileType = sourcecode.c.c; path = nanovg.c; sourceTree = "<group>"; };
		AF3F280F20AB219400F9AD2D /* nanovg.h */ = {isa = PBXFileReference; fileEncoding = 4; lastKnownFileType = sourcecode.c.h; path = nanovg.h; sourceTree = "<group>"; };
		AF3F281720AB21C600F9AD2D /* CMakeLists.txt */ = {isa = PBXFileReference; lastKnownFileType = text; path = CMakeLists.txt; sourceTree = "<group>"; };
		AF3F281820AB21C600F9AD2D /* common.hpp */ = {isa = PBXFileReference; lastKnownFileType = sourcecode.cpp.h; path = common.hpp; sourceTree = "<group>"; };
		AF3F281A20AB21C600F9AD2D /* _features.hpp */ = {isa = PBXFileReference; lastKnownFileType = sourcecode.cpp.h; path = _features.hpp; sourceTree = "<group>"; };
		AF3F281B20AB21C600F9AD2D /* _fixes.hpp */ = {isa = PBXFileReference; lastKnownFileType = sourcecode.cpp.h; path = _fixes.hpp; sourceTree = "<group>"; };
		AF3F281C20AB21C600F9AD2D /* _noise.hpp */ = {isa = PBXFileReference; lastKnownFileType = sourcecode.cpp.h; path = _noise.hpp; sourceTree = "<group>"; };
		AF3F281D20AB21C600F9AD2D /* _swizzle.hpp */ = {isa = PBXFileReference; lastKnownFileType = sourcecode.cpp.h; path = _swizzle.hpp; sourceTree = "<group>"; };
		AF3F281E20AB21C600F9AD2D /* _swizzle_func.hpp */ = {isa = PBXFileReference; lastKnownFileType = sourcecode.cpp.h; path = _swizzle_func.hpp; sourceTree = "<group>"; };
		AF3F281F20AB21C600F9AD2D /* _vectorize.hpp */ = {isa = PBXFileReference; lastKnownFileType = sourcecode.cpp.h; path = _vectorize.hpp; sourceTree = "<group>"; };
		AF3F282020AB21C600F9AD2D /* dummy.cpp */ = {isa = PBXFileReference; lastKnownFileType = sourcecode.cpp.cpp; path = dummy.cpp; sourceTree = "<group>"; };
		AF3F282120AB21C600F9AD2D /* func_common.hpp */ = {isa = PBXFileReference; lastKnownFileType = sourcecode.cpp.h; path = func_common.hpp; sourceTree = "<group>"; };
		AF3F282220AB21C600F9AD2D /* func_common.inl */ = {isa = PBXFileReference; lastKnownFileType = text; path = func_common.inl; sourceTree = "<group>"; };
		AF3F282320AB21C600F9AD2D /* func_common_simd.inl */ = {isa = PBXFileReference; lastKnownFileType = text; path = func_common_simd.inl; sourceTree = "<group>"; };
		AF3F282420AB21C600F9AD2D /* func_exponential.hpp */ = {isa = PBXFileReference; lastKnownFileType = sourcecode.cpp.h; path = func_exponential.hpp; sourceTree = "<group>"; };
		AF3F282520AB21C600F9AD2D /* func_exponential.inl */ = {isa = PBXFileReference; lastKnownFileType = text; path = func_exponential.inl; sourceTree = "<group>"; };
		AF3F282620AB21C600F9AD2D /* func_exponential_simd.inl */ = {isa = PBXFileReference; lastKnownFileType = text; path = func_exponential_simd.inl; sourceTree = "<group>"; };
		AF3F282720AB21C600F9AD2D /* func_geometric.hpp */ = {isa = PBXFileReference; lastKnownFileType = sourcecode.cpp.h; path = func_geometric.hpp; sourceTree = "<group>"; };
		AF3F282820AB21C600F9AD2D /* func_geometric.inl */ = {isa = PBXFileReference; lastKnownFileType = text; path = func_geometric.inl; sourceTree = "<group>"; };
		AF3F282920AB21C600F9AD2D /* func_geometric_simd.inl */ = {isa = PBXFileReference; lastKnownFileType = text; path = func_geometric_simd.inl; sourceTree = "<group>"; };
		AF3F282A20AB21C600F9AD2D /* func_integer.hpp */ = {isa = PBXFileReference; lastKnownFileType = sourcecode.cpp.h; path = func_integer.hpp; sourceTree = "<group>"; };
		AF3F282B20AB21C600F9AD2D /* func_integer.inl */ = {isa = PBXFileReference; lastKnownFileType = text; path = func_integer.inl; sourceTree = "<group>"; };
		AF3F282C20AB21C600F9AD2D /* func_integer_simd.inl */ = {isa = PBXFileReference; lastKnownFileType = text; path = func_integer_simd.inl; sourceTree = "<group>"; };
		AF3F282D20AB21C600F9AD2D /* func_matrix.hpp */ = {isa = PBXFileReference; lastKnownFileType = sourcecode.cpp.h; path = func_matrix.hpp; sourceTree = "<group>"; };
		AF3F282E20AB21C600F9AD2D /* func_matrix.inl */ = {isa = PBXFileReference; lastKnownFileType = text; path = func_matrix.inl; sourceTree = "<group>"; };
		AF3F282F20AB21C600F9AD2D /* func_matrix_simd.inl */ = {isa = PBXFileReference; lastKnownFileType = text; path = func_matrix_simd.inl; sourceTree = "<group>"; };
		AF3F283020AB21C600F9AD2D /* func_packing.hpp */ = {isa = PBXFileReference; lastKnownFileType = sourcecode.cpp.h; path = func_packing.hpp; sourceTree = "<group>"; };
		AF3F283120AB21C600F9AD2D /* func_packing.inl */ = {isa = PBXFileReference; lastKnownFileType = text; path = func_packing.inl; sourceTree = "<group>"; };
		AF3F283220AB21C600F9AD2D /* func_packing_simd.inl */ = {isa = PBXFileReference; lastKnownFileType = text; path = func_packing_simd.inl; sourceTree = "<group>"; };
		AF3F283320AB21C600F9AD2D /* func_trigonometric.hpp */ = {isa = PBXFileReference; lastKnownFileType = sourcecode.cpp.h; path = func_trigonometric.hpp; sourceTree = "<group>"; };
		AF3F283420AB21C600F9AD2D /* func_trigonometric.inl */ = {isa = PBXFileReference; lastKnownFileType = text; path = func_trigonometric.inl; sourceTree = "<group>"; };
		AF3F283520AB21C600F9AD2D /* func_trigonometric_simd.inl */ = {isa = PBXFileReference; lastKnownFileType = text; path = func_trigonometric_simd.inl; sourceTree = "<group>"; };
		AF3F283620AB21C600F9AD2D /* func_vector_relational.hpp */ = {isa = PBXFileReference; lastKnownFileType = sourcecode.cpp.h; path = func_vector_relational.hpp; sourceTree = "<group>"; };
		AF3F283720AB21C600F9AD2D /* func_vector_relational.inl */ = {isa = PBXFileReference; lastKnownFileType = text; path = func_vector_relational.inl; sourceTree = "<group>"; };
		AF3F283820AB21C600F9AD2D /* func_vector_relational_simd.inl */ = {isa = PBXFileReference; lastKnownFileType = text; path = func_vector_relational_simd.inl; sourceTree = "<group>"; };
		AF3F283920AB21C600F9AD2D /* glm.cpp */ = {isa = PBXFileReference; lastKnownFileType = sourcecode.cpp.cpp; path = glm.cpp; sourceTree = "<group>"; };
		AF3F283A20AB21C600F9AD2D /* precision.hpp */ = {isa = PBXFileReference; lastKnownFileType = sourcecode.cpp.h; path = precision.hpp; sourceTree = "<group>"; };
		AF3F283B20AB21C600F9AD2D /* setup.hpp */ = {isa = PBXFileReference; lastKnownFileType = sourcecode.cpp.h; path = setup.hpp; sourceTree = "<group>"; };
		AF3F283C20AB21C600F9AD2D /* type_float.hpp */ = {isa = PBXFileReference; lastKnownFileType = sourcecode.cpp.h; path = type_float.hpp; sourceTree = "<group>"; };
		AF3F283D20AB21C600F9AD2D /* type_gentype.hpp */ = {isa = PBXFileReference; lastKnownFileType = sourcecode.cpp.h; path = type_gentype.hpp; sourceTree = "<group>"; };
		AF3F283E20AB21C600F9AD2D /* type_gentype.inl */ = {isa = PBXFileReference; lastKnownFileType = text; path = type_gentype.inl; sourceTree = "<group>"; };
		AF3F283F20AB21C600F9AD2D /* type_half.hpp */ = {isa = PBXFileReference; lastKnownFileType = sourcecode.cpp.h; path = type_half.hpp; sourceTree = "<group>"; };
		AF3F284020AB21C600F9AD2D /* type_half.inl */ = {isa = PBXFileReference; lastKnownFileType = text; path = type_half.inl; sourceTree = "<group>"; };
		AF3F284120AB21C600F9AD2D /* type_int.hpp */ = {isa = PBXFileReference; lastKnownFileType = sourcecode.cpp.h; path = type_int.hpp; sourceTree = "<group>"; };
		AF3F284220AB21C600F9AD2D /* type_mat.hpp */ = {isa = PBXFileReference; lastKnownFileType = sourcecode.cpp.h; path = type_mat.hpp; sourceTree = "<group>"; };
		AF3F284320AB21C600F9AD2D /* type_mat.inl */ = {isa = PBXFileReference; lastKnownFileType = text; path = type_mat.inl; sourceTree = "<group>"; };
		AF3F284420AB21C600F9AD2D /* type_mat2x2.hpp */ = {isa = PBXFileReference; lastKnownFileType = sourcecode.cpp.h; path = type_mat2x2.hpp; sourceTree = "<group>"; };
		AF3F284520AB21C600F9AD2D /* type_mat2x2.inl */ = {isa = PBXFileReference; lastKnownFileType = text; path = type_mat2x2.inl; sourceTree = "<group>"; };
		AF3F284620AB21C600F9AD2D /* type_mat2x3.hpp */ = {isa = PBXFileReference; lastKnownFileType = sourcecode.cpp.h; path = type_mat2x3.hpp; sourceTree = "<group>"; };
		AF3F284720AB21C600F9AD2D /* type_mat2x3.inl */ = {isa = PBXFileReference; lastKnownFileType = text; path = type_mat2x3.inl; sourceTree = "<group>"; };
		AF3F284820AB21C600F9AD2D /* type_mat2x4.hpp */ = {isa = PBXFileReference; lastKnownFileType = sourcecode.cpp.h; path = type_mat2x4.hpp; sourceTree = "<group>"; };
		AF3F284920AB21C600F9AD2D /* type_mat2x4.inl */ = {isa = PBXFileReference; lastKnownFileType = text; path = type_mat2x4.inl; sourceTree = "<group>"; };
		AF3F284A20AB21C600F9AD2D /* type_mat3x2.hpp */ = {isa = PBXFileReference; lastKnownFileType = sourcecode.cpp.h; path = type_mat3x2.hpp; sourceTree = "<group>"; };
		AF3F284B20AB21C600F9AD2D /* type_mat3x2.inl */ = {isa = PBXFileReference; lastKnownFileType = text; path = type_mat3x2.inl; sourceTree = "<group>"; };
		AF3F284C20AB21C600F9AD2D /* type_mat3x3.hpp */ = {isa = PBXFileReference; lastKnownFileType = sourcecode.cpp.h; path = type_mat3x3.hpp; sourceTree = "<group>"; };
		AF3F284D20AB21C600F9AD2D /* type_mat3x3.inl */ = {isa = PBXFileReference; lastKnownFileType = text; path = type_mat3x3.inl; sourceTree = "<group>"; };
		AF3F284E20AB21C600F9AD2D /* type_mat3x4.hpp */ = {isa = PBXFileReference; lastKnownFileType = sourcecode.cpp.h; path = type_mat3x4.hpp; sourceTree = "<group>"; };
		AF3F284F20AB21C600F9AD2D /* type_mat3x4.inl */ = {isa = PBXFileReference; lastKnownFileType = text; path = type_mat3x4.inl; sourceTree = "<group>"; };
		AF3F285020AB21C600F9AD2D /* type_mat4x2.hpp */ = {isa = PBXFileReference; lastKnownFileType = sourcecode.cpp.h; path = type_mat4x2.hpp; sourceTree = "<group>"; };
		AF3F285120AB21C600F9AD2D /* type_mat4x2.inl */ = {isa = PBXFileReference; lastKnownFileType = text; path = type_mat4x2.inl; sourceTree = "<group>"; };
		AF3F285220AB21C600F9AD2D /* type_mat4x3.hpp */ = {isa = PBXFileReference; lastKnownFileType = sourcecode.cpp.h; path = type_mat4x3.hpp; sourceTree = "<group>"; };
		AF3F285320AB21C600F9AD2D /* type_mat4x3.inl */ = {isa = PBXFileReference; lastKnownFileType = text; path = type_mat4x3.inl; sourceTree = "<group>"; };
		AF3F285420AB21C600F9AD2D /* type_mat4x4.hpp */ = {isa = PBXFileReference; lastKnownFileType = sourcecode.cpp.h; path = type_mat4x4.hpp; sourceTree = "<group>"; };
		AF3F285520AB21C600F9AD2D /* type_mat4x4.inl */ = {isa = PBXFileReference; lastKnownFileType = text; path = type_mat4x4.inl; sourceTree = "<group>"; };
		AF3F285620AB21C600F9AD2D /* type_mat4x4_simd.inl */ = {isa = PBXFileReference; lastKnownFileType = text; path = type_mat4x4_simd.inl; sourceTree = "<group>"; };
		AF3F285720AB21C600F9AD2D /* type_vec.hpp */ = {isa = PBXFileReference; lastKnownFileType = sourcecode.cpp.h; path = type_vec.hpp; sourceTree = "<group>"; };
		AF3F285820AB21C600F9AD2D /* type_vec.inl */ = {isa = PBXFileReference; lastKnownFileType = text; path = type_vec.inl; sourceTree = "<group>"; };
		AF3F285920AB21C600F9AD2D /* type_vec1.hpp */ = {isa = PBXFileReference; lastKnownFileType = sourcecode.cpp.h; path = type_vec1.hpp; sourceTree = "<group>"; };
		AF3F285A20AB21C600F9AD2D /* type_vec1.inl */ = {isa = PBXFileReference; lastKnownFileType = text; path = type_vec1.inl; sourceTree = "<group>"; };
		AF3F285B20AB21C600F9AD2D /* type_vec2.hpp */ = {isa = PBXFileReference; lastKnownFileType = sourcecode.cpp.h; path = type_vec2.hpp; sourceTree = "<group>"; };
		AF3F285C20AB21C600F9AD2D /* type_vec2.inl */ = {isa = PBXFileReference; lastKnownFileType = text; path = type_vec2.inl; sourceTree = "<group>"; };
		AF3F285D20AB21C600F9AD2D /* type_vec3.hpp */ = {isa = PBXFileReference; lastKnownFileType = sourcecode.cpp.h; path = type_vec3.hpp; sourceTree = "<group>"; };
		AF3F285E20AB21C600F9AD2D /* type_vec3.inl */ = {isa = PBXFileReference; lastKnownFileType = text; path = type_vec3.inl; sourceTree = "<group>"; };
		AF3F285F20AB21C600F9AD2D /* type_vec4.hpp */ = {isa = PBXFileReference; lastKnownFileType = sourcecode.cpp.h; path = type_vec4.hpp; sourceTree = "<group>"; };
		AF3F286020AB21C600F9AD2D /* type_vec4.inl */ = {isa = PBXFileReference; lastKnownFileType = text; path = type_vec4.inl; sourceTree = "<group>"; };
		AF3F286120AB21C600F9AD2D /* type_vec4_simd.inl */ = {isa = PBXFileReference; lastKnownFileType = text; path = type_vec4_simd.inl; sourceTree = "<group>"; };
		AF3F286220AB21C600F9AD2D /* exponential.hpp */ = {isa = PBXFileReference; lastKnownFileType = sourcecode.cpp.h; path = exponential.hpp; sourceTree = "<group>"; };
		AF3F286320AB21C600F9AD2D /* ext.hpp */ = {isa = PBXFileReference; lastKnownFileType = sourcecode.cpp.h; path = ext.hpp; sourceTree = "<group>"; };
		AF3F286420AB21C600F9AD2D /* fwd.hpp */ = {isa = PBXFileReference; lastKnownFileType = sourcecode.cpp.h; path = fwd.hpp; sourceTree = "<group>"; };
		AF3F286520AB21C600F9AD2D /* geometric.hpp */ = {isa = PBXFileReference; lastKnownFileType = sourcecode.cpp.h; path = geometric.hpp; sourceTree = "<group>"; };
		AF3F286620AB21C600F9AD2D /* glm.hpp */ = {isa = PBXFileReference; lastKnownFileType = sourcecode.cpp.h; path = glm.hpp; sourceTree = "<group>"; };
		AF3F286820AB21C600F9AD2D /* bitfield.hpp */ = {isa = PBXFileReference; lastKnownFileType = sourcecode.cpp.h; path = bitfield.hpp; sourceTree = "<group>"; };
		AF3F286920AB21C600F9AD2D /* bitfield.inl */ = {isa = PBXFileReference; lastKnownFileType = text; path = bitfield.inl; sourceTree = "<group>"; };
		AF3F286A20AB21C600F9AD2D /* color_encoding.inl */ = {isa = PBXFileReference; lastKnownFileType = text; path = color_encoding.inl; sourceTree = "<group>"; };
		AF3F286B20AB21C600F9AD2D /* color_space.hpp */ = {isa = PBXFileReference; lastKnownFileType = sourcecode.cpp.h; path = color_space.hpp; sourceTree = "<group>"; };
		AF3F286C20AB21C600F9AD2D /* color_space.inl */ = {isa = PBXFileReference; lastKnownFileType = text; path = color_space.inl; sourceTree = "<group>"; };
		AF3F286D20AB21C600F9AD2D /* constants.hpp */ = {isa = PBXFileReference; lastKnownFileType = sourcecode.cpp.h; path = constants.hpp; sourceTree = "<group>"; };
		AF3F286E20AB21C600F9AD2D /* constants.inl */ = {isa = PBXFileReference; lastKnownFileType = text; path = constants.inl; sourceTree = "<group>"; };
		AF3F286F20AB21C600F9AD2D /* epsilon.hpp */ = {isa = PBXFileReference; lastKnownFileType = sourcecode.cpp.h; path = epsilon.hpp; sourceTree = "<group>"; };
		AF3F287020AB21C600F9AD2D /* epsilon.inl */ = {isa = PBXFileReference; lastKnownFileType = text; path = epsilon.inl; sourceTree = "<group>"; };
		AF3F287120AB21C600F9AD2D /* functions.hpp */ = {isa = PBXFileReference; lastKnownFileType = sourcecode.cpp.h; path = functions.hpp; sourceTree = "<group>"; };
		AF3F287220AB21C600F9AD2D /* functions.inl */ = {isa = PBXFileReference; lastKnownFileType = text; path = functions.inl; sourceTree = "<group>"; };
		AF3F287320AB21C600F9AD2D /* integer.hpp */ = {isa = PBXFileReference; lastKnownFileType = sourcecode.cpp.h; path = integer.hpp; sourceTree = "<group>"; };
		AF3F287420AB21C600F9AD2D /* integer.inl */ = {isa = PBXFileReference; lastKnownFileType = text; path = integer.inl; sourceTree = "<group>"; };
		AF3F287520AB21C600F9AD2D /* matrix_access.hpp */ = {isa = PBXFileReference; lastKnownFileType = sourcecode.cpp.h; path = matrix_access.hpp; sourceTree = "<group>"; };
		AF3F287620AB21C600F9AD2D /* matrix_access.inl */ = {isa = PBXFileReference; lastKnownFileType = text; path = matrix_access.inl; sourceTree = "<group>"; };
		AF3F287720AB21C600F9AD2D /* matrix_integer.hpp */ = {isa = PBXFileReference; lastKnownFileType = sourcecode.cpp.h; path = matrix_integer.hpp; sourceTree = "<group>"; };
		AF3F287820AB21C600F9AD2D /* matrix_inverse.hpp */ = {isa = PBXFileReference; lastKnownFileType = sourcecode.cpp.h; path = matrix_inverse.hpp; sourceTree = "<group>"; };
		AF3F287920AB21C600F9AD2D /* matrix_inverse.inl */ = {isa = PBXFileReference; lastKnownFileType = text; path = matrix_inverse.inl; sourceTree = "<group>"; };
		AF3F287A20AB21C600F9AD2D /* matrix_transform.hpp */ = {isa = PBXFileReference; lastKnownFileType = sourcecode.cpp.h; path = matrix_transform.hpp; sourceTree = "<group>"; };
		AF3F287B20AB21C600F9AD2D /* matrix_transform.inl */ = {isa = PBXFileReference; lastKnownFileType = text; path = matrix_transform.inl; sourceTree = "<group>"; };
		AF3F287C20AB21C600F9AD2D /* noise.hpp */ = {isa = PBXFileReference; lastKnownFileType = sourcecode.cpp.h; path = noise.hpp; sourceTree = "<group>"; };
		AF3F287D20AB21C600F9AD2D /* noise.inl */ = {isa = PBXFileReference; lastKnownFileType = text; path = noise.inl; sourceTree = "<group>"; };
		AF3F287E20AB21C600F9AD2D /* packing.hpp */ = {isa = PBXFileReference; lastKnownFileType = sourcecode.cpp.h; path = packing.hpp; sourceTree = "<group>"; };
		AF3F287F20AB21C600F9AD2D /* packing.inl */ = {isa = PBXFileReference; lastKnownFileType = text; path = packing.inl; sourceTree = "<group>"; };
		AF3F288020AB21C600F9AD2D /* quaternion.hpp */ = {isa = PBXFileReference; lastKnownFileType = sourcecode.cpp.h; path = quaternion.hpp; sourceTree = "<group>"; };
		AF3F288120AB21C600F9AD2D /* quaternion.inl */ = {isa = PBXFileReference; lastKnownFileType = text; path = quaternion.inl; sourceTree = "<group>"; };
		AF3F288220AB21C600F9AD2D /* quaternion_simd.inl */ = {isa = PBXFileReference; lastKnownFileType = text; path = quaternion_simd.inl; sourceTree = "<group>"; };
		AF3F288320AB21C600F9AD2D /* random.hpp */ = {isa = PBXFileReference; lastKnownFileType = sourcecode.cpp.h; path = random.hpp; sourceTree = "<group>"; };
		AF3F288420AB21C600F9AD2D /* random.inl */ = {isa = PBXFileReference; lastKnownFileType = text; path = random.inl; sourceTree = "<group>"; };
		AF3F288520AB21C600F9AD2D /* reciprocal.hpp */ = {isa = PBXFileReference; lastKnownFileType = sourcecode.cpp.h; path = reciprocal.hpp; sourceTree = "<group>"; };
		AF3F288620AB21C600F9AD2D /* reciprocal.inl */ = {isa = PBXFileReference; lastKnownFileType = text; path = reciprocal.inl; sourceTree = "<group>"; };
		AF3F288720AB21C600F9AD2D /* round.hpp */ = {isa = PBXFileReference; lastKnownFileType = sourcecode.cpp.h; path = round.hpp; sourceTree = "<group>"; };
		AF3F288820AB21C600F9AD2D /* round.inl */ = {isa = PBXFileReference; lastKnownFileType = text; path = round.inl; sourceTree = "<group>"; };
		AF3F288920AB21C600F9AD2D /* type_aligned.hpp */ = {isa = PBXFileReference; lastKnownFileType = sourcecode.cpp.h; path = type_aligned.hpp; sourceTree = "<group>"; };
		AF3F288A20AB21C600F9AD2D /* type_precision.hpp */ = {isa = PBXFileReference; lastKnownFileType = sourcecode.cpp.h; path = type_precision.hpp; sourceTree = "<group>"; };
		AF3F288B20AB21C600F9AD2D /* type_precision.inl */ = {isa = PBXFileReference; lastKnownFileType = text; path = type_precision.inl; sourceTree = "<group>"; };
		AF3F288C20AB21C600F9AD2D /* type_ptr.hpp */ = {isa = PBXFileReference; lastKnownFileType = sourcecode.cpp.h; path = type_ptr.hpp; sourceTree = "<group>"; };
		AF3F288D20AB21C600F9AD2D /* type_ptr.inl */ = {isa = PBXFileReference; lastKnownFileType = text; path = type_ptr.inl; sourceTree = "<group>"; };
		AF3F288E20AB21C600F9AD2D /* ulp.hpp */ = {isa = PBXFileReference; lastKnownFileType = sourcecode.cpp.h; path = ulp.hpp; sourceTree = "<group>"; };
		AF3F288F20AB21C600F9AD2D /* ulp.inl */ = {isa = PBXFileReference; lastKnownFileType = text; path = ulp.inl; sourceTree = "<group>"; };
		AF3F289020AB21C600F9AD2D /* vec1.hpp */ = {isa = PBXFileReference; lastKnownFileType = sourcecode.cpp.h; path = vec1.hpp; sourceTree = "<group>"; };
		AF3F289120AB21C600F9AD2D /* vec1.inl */ = {isa = PBXFileReference; lastKnownFileType = text; path = vec1.inl; sourceTree = "<group>"; };
		AF3F289320AB21C600F9AD2D /* associated_min_max.hpp */ = {isa = PBXFileReference; lastKnownFileType = sourcecode.cpp.h; path = associated_min_max.hpp; sourceTree = "<group>"; };
		AF3F289420AB21C600F9AD2D /* associated_min_max.inl */ = {isa = PBXFileReference; lastKnownFileType = text; path = associated_min_max.inl; sourceTree = "<group>"; };
		AF3F289520AB21C600F9AD2D /* bit.hpp */ = {isa = PBXFileReference; lastKnownFileType = sourcecode.cpp.h; path = bit.hpp; sourceTree = "<group>"; };
		AF3F289620AB21C600F9AD2D /* bit.inl */ = {isa = PBXFileReference; lastKnownFileType = text; path = bit.inl; sourceTree = "<group>"; };
		AF3F289720AB21C600F9AD2D /* closest_point.hpp */ = {isa = PBXFileReference; lastKnownFileType = sourcecode.cpp.h; path = closest_point.hpp; sourceTree = "<group>"; };
		AF3F289820AB21C600F9AD2D /* closest_point.inl */ = {isa = PBXFileReference; lastKnownFileType = text; path = closest_point.inl; sourceTree = "<group>"; };
		AF3F289920AB21C600F9AD2D /* color_space.hpp */ = {isa = PBXFileReference; lastKnownFileType = sourcecode.cpp.h; path = color_space.hpp; sourceTree = "<group>"; };
		AF3F289A20AB21C600F9AD2D /* color_space.inl */ = {isa = PBXFileReference; lastKnownFileType = text; path = color_space.inl; sourceTree = "<group>"; };
		AF3F289B20AB21C600F9AD2D /* color_space_YCoCg.hpp */ = {isa = PBXFileReference; lastKnownFileType = sourcecode.cpp.h; path = color_space_YCoCg.hpp; sourceTree = "<group>"; };
		AF3F289C20AB21C600F9AD2D /* color_space_YCoCg.inl */ = {isa = PBXFileReference; lastKnownFileType = text; path = color_space_YCoCg.inl; sourceTree = "<group>"; };
		AF3F289D20AB21C600F9AD2D /* common.hpp */ = {isa = PBXFileReference; lastKnownFileType = sourcecode.cpp.h; path = common.hpp; sourceTree = "<group>"; };
		AF3F289E20AB21C600F9AD2D /* common.inl */ = {isa = PBXFileReference; lastKnownFileType = text; path = common.inl; sourceTree = "<group>"; };
		AF3F289F20AB21C600F9AD2D /* compatibility.hpp */ = {isa = PBXFileReference; lastKnownFileType = sourcecode.cpp.h; path = compatibility.hpp; sourceTree = "<group>"; };
		AF3F28A020AB21C600F9AD2D /* compatibility.inl */ = {isa = PBXFileReference; lastKnownFileType = text; path = compatibility.inl; sourceTree = "<group>"; };
		AF3F28A120AB21C600F9AD2D /* component_wise.hpp */ = {isa = PBXFileReference; lastKnownFileType = sourcecode.cpp.h; path = component_wise.hpp; sourceTree = "<group>"; };
		AF3F28A220AB21C600F9AD2D /* component_wise.inl */ = {isa = PBXFileReference; lastKnownFileType = text; path = component_wise.inl; sourceTree = "<group>"; };
		AF3F28A320AB21C600F9AD2D /* dual_quaternion.hpp */ = {isa = PBXFileReference; lastKnownFileType = sourcecode.cpp.h; path = dual_quaternion.hpp; sourceTree = "<group>"; };
		AF3F28A420AB21C600F9AD2D /* dual_quaternion.inl */ = {isa = PBXFileReference; lastKnownFileType = text; path = dual_quaternion.inl; sourceTree = "<group>"; };
		AF3F28A520AB21C600F9AD2D /* euler_angles.hpp */ = {isa = PBXFileReference; lastKnownFileType = sourcecode.cpp.h; path = euler_angles.hpp; sourceTree = "<group>"; };
		AF3F28A620AB21C600F9AD2D /* euler_angles.inl */ = {isa = PBXFileReference; lastKnownFileType = text; path = euler_angles.inl; sourceTree = "<group>"; };
		AF3F28A720AB21C600F9AD2D /* extend.hpp */ = {isa = PBXFileReference; lastKnownFileType = sourcecode.cpp.h; path = extend.hpp; sourceTree = "<group>"; };
		AF3F28A820AB21C600F9AD2D /* extend.inl */ = {isa = PBXFileReference; lastKnownFileType = text; path = extend.inl; sourceTree = "<group>"; };
		AF3F28A920AB21C600F9AD2D /* extended_min_max.hpp */ = {isa = PBXFileReference; lastKnownFileType = sourcecode.cpp.h; path = extended_min_max.hpp; sourceTree = "<group>"; };
		AF3F28AA20AB21C600F9AD2D /* extended_min_max.inl */ = {isa = PBXFileReference; lastKnownFileType = text; path = extended_min_max.inl; sourceTree = "<group>"; };
		AF3F28AB20AB21C600F9AD2D /* fast_exponential.hpp */ = {isa = PBXFileReference; lastKnownFileType = sourcecode.cpp.h; path = fast_exponential.hpp; sourceTree = "<group>"; };
		AF3F28AC20AB21C600F9AD2D /* fast_exponential.inl */ = {isa = PBXFileReference; lastKnownFileType = text; path = fast_exponential.inl; sourceTree = "<group>"; };
		AF3F28AD20AB21C600F9AD2D /* fast_square_root.hpp */ = {isa = PBXFileReference; lastKnownFileType = sourcecode.cpp.h; path = fast_square_root.hpp; sourceTree = "<group>"; };
		AF3F28AE20AB21C600F9AD2D /* fast_square_root.inl */ = {isa = PBXFileReference; lastKnownFileType = text; path = fast_square_root.inl; sourceTree = "<group>"; };
		AF3F28AF20AB21C600F9AD2D /* fast_trigonometry.hpp */ = {isa = PBXFileReference; lastKnownFileType = sourcecode.cpp.h; path = fast_trigonometry.hpp; sourceTree = "<group>"; };
		AF3F28B020AB21C600F9AD2D /* fast_trigonometry.inl */ = {isa = PBXFileReference; lastKnownFileType = text; path = fast_trigonometry.inl; sourceTree = "<group>"; };
		AF3F28B120AB21C600F9AD2D /* float_notmalize.inl */ = {isa = PBXFileReference; lastKnownFileType = text; path = float_notmalize.inl; sourceTree = "<group>"; };
		AF3F28B220AB21C600F9AD2D /* gradient_paint.hpp */ = {isa = PBXFileReference; lastKnownFileType = sourcecode.cpp.h; path = gradient_paint.hpp; sourceTree = "<group>"; };
		AF3F28B320AB21C600F9AD2D /* gradient_paint.inl */ = {isa = PBXFileReference; lastKnownFileType = text; path = gradient_paint.inl; sourceTree = "<group>"; };
		AF3F28B420AB21C600F9AD2D /* handed_coordinate_space.hpp */ = {isa = PBXFileReference; lastKnownFileType = sourcecode.cpp.h; path = handed_coordinate_space.hpp; sourceTree = "<group>"; };
		AF3F28B520AB21C600F9AD2D /* handed_coordinate_space.inl */ = {isa = PBXFileReference; lastKnownFileType = text; path = handed_coordinate_space.inl; sourceTree = "<group>"; };
		AF3F28B620AB21C600F9AD2D /* hash.hpp */ = {isa = PBXFileReference; lastKnownFileType = sourcecode.cpp.h; path = hash.hpp; sourceTree = "<group>"; };
		AF3F28B720AB21C600F9AD2D /* hash.inl */ = {isa = PBXFileReference; lastKnownFileType = text; path = hash.inl; sourceTree = "<group>"; };
		AF3F28B820AB21C600F9AD2D /* integer.hpp */ = {isa = PBXFileReference; lastKnownFileType = sourcecode.cpp.h; path = integer.hpp; sourceTree = "<group>"; };
		AF3F28B920AB21C600F9AD2D /* integer.inl */ = {isa = PBXFileReference; lastKnownFileType = text; path = integer.inl; sourceTree = "<group>"; };
		AF3F28BA20AB21C600F9AD2D /* intersect.hpp */ = {isa = PBXFileReference; lastKnownFileType = sourcecode.cpp.h; path = intersect.hpp; sourceTree = "<group>"; };
		AF3F28BB20AB21C600F9AD2D /* intersect.inl */ = {isa = PBXFileReference; lastKnownFileType = text; path = intersect.inl; sourceTree = "<group>"; };
		AF3F28BC20AB21C600F9AD2D /* io.hpp */ = {isa = PBXFileReference; lastKnownFileType = sourcecode.cpp.h; path = io.hpp; sourceTree = "<group>"; };
		AF3F28BD20AB21C600F9AD2D /* io.inl */ = {isa = PBXFileReference; lastKnownFileType = text; path = io.inl; sourceTree = "<group>"; };
		AF3F28BE20AB21C600F9AD2D /* log_base.hpp */ = {isa = PBXFileReference; lastKnownFileType = sourcecode.cpp.h; path = log_base.hpp; sourceTree = "<group>"; };
		AF3F28BF20AB21C600F9AD2D /* log_base.inl */ = {isa = PBXFileReference; lastKnownFileType = text; path = log_base.inl; sourceTree = "<group>"; };
		AF3F28C020AB21C600F9AD2D /* matrix_cross_product.hpp */ = {isa = PBXFileReference; lastKnownFileType = sourcecode.cpp.h; path = matrix_cross_product.hpp; sourceTree = "<group>"; };
		AF3F28C120AB21C600F9AD2D /* matrix_cross_product.inl */ = {isa = PBXFileReference; lastKnownFileType = text; path = matrix_cross_product.inl; sourceTree = "<group>"; };
		AF3F28C220AB21C600F9AD2D /* matrix_decompose.hpp */ = {isa = PBXFileReference; lastKnownFileType = sourcecode.cpp.h; path = matrix_decompose.hpp; sourceTree = "<group>"; };
		AF3F28C320AB21C600F9AD2D /* matrix_decompose.inl */ = {isa = PBXFileReference; lastKnownFileType = text; path = matrix_decompose.inl; sourceTree = "<group>"; };
		AF3F28C420AB21C600F9AD2D /* matrix_interpolation.hpp */ = {isa = PBXFileReference; lastKnownFileType = sourcecode.cpp.h; path = matrix_interpolation.hpp; sourceTree = "<group>"; };
		AF3F28C520AB21C600F9AD2D /* matrix_interpolation.inl */ = {isa = PBXFileReference; lastKnownFileType = text; path = matrix_interpolation.inl; sourceTree = "<group>"; };
		AF3F28C620AB21C600F9AD2D /* matrix_major_storage.hpp */ = {isa = PBXFileReference; lastKnownFileType = sourcecode.cpp.h; path = matrix_major_storage.hpp; sourceTree = "<group>"; };
		AF3F28C720AB21C600F9AD2D /* matrix_major_storage.inl */ = {isa = PBXFileReference; lastKnownFileType = text; path = matrix_major_storage.inl; sourceTree = "<group>"; };
		AF3F28C820AB21C600F9AD2D /* matrix_operation.hpp */ = {isa = PBXFileReference; lastKnownFileType = sourcecode.cpp.h; path = matrix_operation.hpp; sourceTree = "<group>"; };
		AF3F28C920AB21C600F9AD2D /* matrix_operation.inl */ = {isa = PBXFileReference; lastKnownFileType = text; path = matrix_operation.inl; sourceTree = "<group>"; };
		AF3F28CA20AB21C600F9AD2D /* matrix_query.hpp */ = {isa = PBXFileReference; lastKnownFileType = sourcecode.cpp.h; path = matrix_query.hpp; sourceTree = "<group>"; };
		AF3F28CB20AB21C600F9AD2D /* matrix_query.inl */ = {isa = PBXFileReference; lastKnownFileType = text; path = matrix_query.inl; sourceTree = "<group>"; };
		AF3F28CC20AB21C600F9AD2D /* matrix_transform_2d.hpp */ = {isa = PBXFileReference; lastKnownFileType = sourcecode.cpp.h; path = matrix_transform_2d.hpp; sourceTree = "<group>"; };
		AF3F28CD20AB21C600F9AD2D /* matrix_transform_2d.inl */ = {isa = PBXFileReference; lastKnownFileType = text; path = matrix_transform_2d.inl; sourceTree = "<group>"; };
		AF3F28CE20AB21C600F9AD2D /* mixed_product.hpp */ = {isa = PBXFileReference; lastKnownFileType = sourcecode.cpp.h; path = mixed_product.hpp; sourceTree = "<group>"; };
		AF3F28CF20AB21C600F9AD2D /* mixed_product.inl */ = {isa = PBXFileReference; lastKnownFileType = text; path = mixed_product.inl; sourceTree = "<group>"; };
		AF3F28D020AB21C600F9AD2D /* norm.hpp */ = {isa = PBXFileReference; lastKnownFileType = sourcecode.cpp.h; path = norm.hpp; sourceTree = "<group>"; };
		AF3F28D120AB21C600F9AD2D /* norm.inl */ = {isa = PBXFileReference; lastKnownFileType = text; path = norm.inl; sourceTree = "<group>"; };
		AF3F28D220AB21C600F9AD2D /* normal.hpp */ = {isa = PBXFileReference; lastKnownFileType = sourcecode.cpp.h; path = normal.hpp; sourceTree = "<group>"; };
		AF3F28D320AB21C600F9AD2D /* normal.inl */ = {isa = PBXFileReference; lastKnownFileType = text; path = normal.inl; sourceTree = "<group>"; };
		AF3F28D420AB21C600F9AD2D /* normalize_dot.hpp */ = {isa = PBXFileReference; lastKnownFileType = sourcecode.cpp.h; path = normalize_dot.hpp; sourceTree = "<group>"; };
		AF3F28D520AB21C600F9AD2D /* normalize_dot.inl */ = {isa = PBXFileReference; lastKnownFileType = text; path = normalize_dot.inl; sourceTree = "<group>"; };
		AF3F28D620AB21C600F9AD2D /* number_precision.hpp */ = {isa = PBXFileReference; lastKnownFileType = sourcecode.cpp.h; path = number_precision.hpp; sourceTree = "<group>"; };
		AF3F28D720AB21C600F9AD2D /* number_precision.inl */ = {isa = PBXFileReference; lastKnownFileType = text; path = number_precision.inl; sourceTree = "<group>"; };
		AF3F28D820AB21C600F9AD2D /* optimum_pow.hpp */ = {isa = PBXFileReference; lastKnownFileType = sourcecode.cpp.h; path = optimum_pow.hpp; sourceTree = "<group>"; };
		AF3F28D920AB21C600F9AD2D /* optimum_pow.inl */ = {isa = PBXFileReference; lastKnownFileType = text; path = optimum_pow.inl; sourceTree = "<group>"; };
		AF3F28DA20AB21C600F9AD2D /* orthonormalize.hpp */ = {isa = PBXFileReference; lastKnownFileType = sourcecode.cpp.h; path = orthonormalize.hpp; sourceTree = "<group>"; };
		AF3F28DB20AB21C600F9AD2D /* orthonormalize.inl */ = {isa = PBXFileReference; lastKnownFileType = text; path = orthonormalize.inl; sourceTree = "<group>"; };
		AF3F28DC20AB21C600F9AD2D /* perpendicular.hpp */ = {isa = PBXFileReference; lastKnownFileType = sourcecode.cpp.h; path = perpendicular.hpp; sourceTree = "<group>"; };
		AF3F28DD20AB21C600F9AD2D /* perpendicular.inl */ = {isa = PBXFileReference; lastKnownFileType = text; path = perpendicular.inl; sourceTree = "<group>"; };
		AF3F28DE20AB21C600F9AD2D /* polar_coordinates.hpp */ = {isa = PBXFileReference; lastKnownFileType = sourcecode.cpp.h; path = polar_coordinates.hpp; sourceTree = "<group>"; };
		AF3F28DF20AB21C600F9AD2D /* polar_coordinates.inl */ = {isa = PBXFileReference; lastKnownFileType = text; path = polar_coordinates.inl; sourceTree = "<group>"; };
		AF3F28E020AB21C600F9AD2D /* projection.hpp */ = {isa = PBXFileReference; lastKnownFileType = sourcecode.cpp.h; path = projection.hpp; sourceTree = "<group>"; };
		AF3F28E120AB21C600F9AD2D /* projection.inl */ = {isa = PBXFileReference; lastKnownFileType = text; path = projection.inl; sourceTree = "<group>"; };
		AF3F28E220AB21C600F9AD2D /* quaternion.hpp */ = {isa = PBXFileReference; lastKnownFileType = sourcecode.cpp.h; path = quaternion.hpp; sourceTree = "<group>"; };
		AF3F28E320AB21C600F9AD2D /* quaternion.inl */ = {isa = PBXFileReference; lastKnownFileType = text; path = quaternion.inl; sourceTree = "<group>"; };
		AF3F28E420AB21C600F9AD2D /* range.hpp */ = {isa = PBXFileReference; lastKnownFileType = sourcecode.cpp.h; path = range.hpp; sourceTree = "<group>"; };
		AF3F28E520AB21C600F9AD2D /* raw_data.hpp */ = {isa = PBXFileReference; lastKnownFileType = sourcecode.cpp.h; path = raw_data.hpp; sourceTree = "<group>"; };
		AF3F28E620AB21C600F9AD2D /* raw_data.inl */ = {isa = PBXFileReference; lastKnownFileType = text; path = raw_data.inl; sourceTree = "<group>"; };
		AF3F28E720AB21C600F9AD2D /* rotate_normalized_axis.hpp */ = {isa = PBXFileReference; lastKnownFileType = sourcecode.cpp.h; path = rotate_normalized_axis.hpp; sourceTree = "<group>"; };
		AF3F28E820AB21C600F9AD2D /* rotate_normalized_axis.inl */ = {isa = PBXFileReference; lastKnownFileType = text; path = rotate_normalized_axis.inl; sourceTree = "<group>"; };
		AF3F28E920AB21C600F9AD2D /* rotate_vector.hpp */ = {isa = PBXFileReference; lastKnownFileType = sourcecode.cpp.h; path = rotate_vector.hpp; sourceTree = "<group>"; };
		AF3F28EA20AB21C600F9AD2D /* rotate_vector.inl */ = {isa = PBXFileReference; lastKnownFileType = text; path = rotate_vector.inl; sourceTree = "<group>"; };
		AF3F28EB20AB21C600F9AD2D /* scalar_multiplication.hpp */ = {isa = PBXFileReference; lastKnownFileType = sourcecode.cpp.h; path = scalar_multiplication.hpp; sourceTree = "<group>"; };
		AF3F28EC20AB21C600F9AD2D /* scalar_relational.hpp */ = {isa = PBXFileReference; lastKnownFileType = sourcecode.cpp.h; path = scalar_relational.hpp; sourceTree = "<group>"; };
		AF3F28ED20AB21C600F9AD2D /* scalar_relational.inl */ = {isa = PBXFileReference; lastKnownFileType = text; path = scalar_relational.inl; sourceTree = "<group>"; };
		AF3F28EE20AB21C600F9AD2D /* spline.hpp */ = {isa = PBXFileReference; lastKnownFileType = sourcecode.cpp.h; path = spline.hpp; sourceTree = "<group>"; };
		AF3F28EF20AB21C600F9AD2D /* spline.inl */ = {isa = PBXFileReference; lastKnownFileType = text; path = spline.inl; sourceTree = "<group>"; };
		AF3F28F020AB21C600F9AD2D /* std_based_type.hpp */ = {isa = PBXFileReference; lastKnownFileType = sourcecode.cpp.h; path = std_based_type.hpp; sourceTree = "<group>"; };
		AF3F28F120AB21C600F9AD2D /* std_based_type.inl */ = {isa = PBXFileReference; lastKnownFileType = text; path = std_based_type.inl; sourceTree = "<group>"; };
		AF3F28F220AB21C600F9AD2D /* string_cast.hpp */ = {isa = PBXFileReference; lastKnownFileType = sourcecode.cpp.h; path = string_cast.hpp; sourceTree = "<group>"; };
		AF3F28F320AB21C600F9AD2D /* string_cast.inl */ = {isa = PBXFileReference; lastKnownFileType = text; path = string_cast.inl; sourceTree = "<group>"; };
		AF3F28F420AB21C600F9AD2D /* transform.hpp */ = {isa = PBXFileReference; lastKnownFileType = sourcecode.cpp.h; path = transform.hpp; sourceTree = "<group>"; };
		AF3F28F520AB21C600F9AD2D /* transform.inl */ = {isa = PBXFileReference; lastKnownFileType = text; path = transform.inl; sourceTree = "<group>"; };
		AF3F28F620AB21C600F9AD2D /* transform2.hpp */ = {isa = PBXFileReference; lastKnownFileType = sourcecode.cpp.h; path = transform2.hpp; sourceTree = "<group>"; };
		AF3F28F720AB21C600F9AD2D /* transform2.inl */ = {isa = PBXFileReference; lastKnownFileType = text; path = transform2.inl; sourceTree = "<group>"; };
		AF3F28F820AB21C600F9AD2D /* type_aligned.hpp */ = {isa = PBXFileReference; lastKnownFileType = sourcecode.cpp.h; path = type_aligned.hpp; sourceTree = "<group>"; };
		AF3F28F920AB21C600F9AD2D /* type_aligned.inl */ = {isa = PBXFileReference; lastKnownFileType = text; path = type_aligned.inl; sourceTree = "<group>"; };
		AF3F28FA20AB21C600F9AD2D /* type_trait.hpp */ = {isa = PBXFileReference; lastKnownFileType = sourcecode.cpp.h; path = type_trait.hpp; sourceTree = "<group>"; };
		AF3F28FB20AB21C600F9AD2D /* type_trait.inl */ = {isa = PBXFileReference; lastKnownFileType = text; path = type_trait.inl; sourceTree = "<group>"; };
		AF3F28FC20AB21C600F9AD2D /* vector_angle.hpp */ = {isa = PBXFileReference; lastKnownFileType = sourcecode.cpp.h; path = vector_angle.hpp; sourceTree = "<group>"; };
		AF3F28FD20AB21C600F9AD2D /* vector_angle.inl */ = {isa = PBXFileReference; lastKnownFileType = text; path = vector_angle.inl; sourceTree = "<group>"; };
		AF3F28FE20AB21C600F9AD2D /* vector_query.hpp */ = {isa = PBXFileReference; lastKnownFileType = sourcecode.cpp.h; path = vector_query.hpp; sourceTree = "<group>"; };
		AF3F28FF20AB21C600F9AD2D /* vector_query.inl */ = {isa = PBXFileReference; lastKnownFileType = text; path = vector_query.inl; sourceTree = "<group>"; };
		AF3F290020AB21C600F9AD2D /* wrap.hpp */ = {isa = PBXFileReference; lastKnownFileType = sourcecode.cpp.h; path = wrap.hpp; sourceTree = "<group>"; };
		AF3F290120AB21C600F9AD2D /* wrap.inl */ = {isa = PBXFileReference; lastKnownFileType = text; path = wrap.inl; sourceTree = "<group>"; };
		AF3F290220AB21C600F9AD2D /* integer.hpp */ = {isa = PBXFileReference; lastKnownFileType = sourcecode.cpp.h; path = integer.hpp; sourceTree = "<group>"; };
		AF3F290320AB21C600F9AD2D /* mat2x2.hpp */ = {isa = PBXFileReference; lastKnownFileType = sourcecode.cpp.h; path = mat2x2.hpp; sourceTree = "<group>"; };
		AF3F290420AB21C600F9AD2D /* mat2x3.hpp */ = {isa = PBXFileReference; lastKnownFileType = sourcecode.cpp.h; path = mat2x3.hpp; sourceTree = "<group>"; };
		AF3F290520AB21C600F9AD2D /* mat2x4.hpp */ = {isa = PBXFileReference; lastKnownFileType = sourcecode.cpp.h; path = mat2x4.hpp; sourceTree = "<group>"; };
		AF3F290620AB21C600F9AD2D /* mat3x2.hpp */ = {isa = PBXFileReference; lastKnownFileType = sourcecode.cpp.h; path = mat3x2.hpp; sourceTree = "<group>"; };
		AF3F290720AB21C600F9AD2D /* mat3x3.hpp */ = {isa = PBXFileReference; lastKnownFileType = sourcecode.cpp.h; path = mat3x3.hpp; sourceTree = "<group>"; };
		AF3F290820AB21C600F9AD2D /* mat3x4.hpp */ = {isa = PBXFileReference; lastKnownFileType = sourcecode.cpp.h; path = mat3x4.hpp; sourceTree = "<group>"; };
		AF3F290920AB21C600F9AD2D /* mat4x2.hpp */ = {isa = PBXFileReference; lastKnownFileType = sourcecode.cpp.h; path = mat4x2.hpp; sourceTree = "<group>"; };
		AF3F290A20AB21C600F9AD2D /* mat4x3.hpp */ = {isa = PBXFileReference; lastKnownFileType = sourcecode.cpp.h; path = mat4x3.hpp; sourceTree = "<group>"; };
		AF3F290B20AB21C600F9AD2D /* mat4x4.hpp */ = {isa = PBXFileReference; lastKnownFileType = sourcecode.cpp.h; path = mat4x4.hpp; sourceTree = "<group>"; };
		AF3F290C20AB21C600F9AD2D /* matrix.hpp */ = {isa = PBXFileReference; lastKnownFileType = sourcecode.cpp.h; path = matrix.hpp; sourceTree = "<group>"; };
		AF3F290D20AB21C700F9AD2D /* packing.hpp */ = {isa = PBXFileReference; lastKnownFileType = sourcecode.cpp.h; path = packing.hpp; sourceTree = "<group>"; };
		AF3F290F20AB21C700F9AD2D /* common.h */ = {isa = PBXFileReference; lastKnownFileType = sourcecode.c.h; path = common.h; sourceTree = "<group>"; };
		AF3F291020AB21C700F9AD2D /* exponential.h */ = {isa = PBXFileReference; lastKnownFileType = sourcecode.c.h; path = exponential.h; sourceTree = "<group>"; };
		AF3F291120AB21C700F9AD2D /* geometric.h */ = {isa = PBXFileReference; lastKnownFileType = sourcecode.c.h; path = geometric.h; sourceTree = "<group>"; };
		AF3F291220AB21C700F9AD2D /* integer.h */ = {isa = PBXFileReference; lastKnownFileType = sourcecode.c.h; path = integer.h; sourceTree = "<group>"; };
		AF3F291320AB21C700F9AD2D /* matrix.h */ = {isa = PBXFileReference; lastKnownFileType = sourcecode.c.h; path = matrix.h; sourceTree = "<group>"; };
		AF3F291420AB21C700F9AD2D /* packing.h */ = {isa = PBXFileReference; lastKnownFileType = sourcecode.c.h; path = packing.h; sourceTree = "<group>"; };
		AF3F291520AB21C700F9AD2D /* platform.h */ = {isa = PBXFileReference; lastKnownFileType = sourcecode.c.h; path = platform.h; sourceTree = "<group>"; };
		AF3F291620AB21C700F9AD2D /* trigonometric.h */ = {isa = PBXFileReference; lastKnownFileType = sourcecode.c.h; path = trigonometric.h; sourceTree = "<group>"; };
		AF3F291720AB21C700F9AD2D /* vector_relational.h */ = {isa = PBXFileReference; lastKnownFileType = sourcecode.c.h; path = vector_relational.h; sourceTree = "<group>"; };
		AF3F291820AB21C700F9AD2D /* trigonometric.hpp */ = {isa = PBXFileReference; lastKnownFileType = sourcecode.cpp.h; path = trigonometric.hpp; sourceTree = "<group>"; };
		AF3F291920AB21C700F9AD2D /* vec2.hpp */ = {isa = PBXFileReference; lastKnownFileType = sourcecode.cpp.h; path = vec2.hpp; sourceTree = "<group>"; };
		AF3F291A20AB21C700F9AD2D /* vec3.hpp */ = {isa = PBXFileReference; lastKnownFileType = sourcecode.cpp.h; path = vec3.hpp; sourceTree = "<group>"; };
		AF3F291B20AB21C700F9AD2D /* vec4.hpp */ = {isa = PBXFileReference; lastKnownFileType = sourcecode.cpp.h; path = vec4.hpp; sourceTree = "<group>"; };
		AF3F291C20AB21C700F9AD2D /* vector_relational.hpp */ = {isa = PBXFileReference; lastKnownFileType = sourcecode.cpp.h; path = vector_relational.hpp; sourceTree = "<group>"; };
		AF3F291E20AB296000F9AD2D /* tiny_obj_loader.h */ = {isa = PBXFileReference; lastKnownFileType = sourcecode.c.h; path = tiny_obj_loader.h; sourceTree = "<group>"; };
		AF3F292020AB2A1C00F9AD2D /* trackball.cpp */ = {isa = PBXFileReference; fileEncoding = 4; lastKnownFileType = sourcecode.cpp.cpp; path = trackball.cpp; sourceTree = "<group>"; };
		AF3F292120AB2A1C00F9AD2D /* trackball.h */ = {isa = PBXFileReference; fileEncoding = 4; lastKnownFileType = sourcecode.c.h; path = trackball.h; sourceTree = "<group>"; };
		AF6C0BB8209A2531006F222B /* Aha.cpp */ = {isa = PBXFileReference; lastKnownFileType = sourcecode.cpp.cpp; path = Aha.cpp; sourceTree = "<group>"; };
		AF6C0BBB209B6D1C006F222B /* UILabel.hpp */ = {isa = PBXFileReference; lastKnownFileType = sourcecode.cpp.h; path = UILabel.hpp; sourceTree = "<group>"; };
		AF6C0BBC209CC871006F222B /* UISlider.hpp */ = {isa = PBXFileReference; lastKnownFileType = sourcecode.cpp.h; path = UISlider.hpp; sourceTree = "<group>"; };
		AF6C0BBD209DFB29006F222B /* UIButton.hpp */ = {isa = PBXFileReference; lastKnownFileType = sourcecode.cpp.h; path = UIButton.hpp; sourceTree = "<group>"; };
		AF6C0BBE209E177A006F222B /* UIOpenFileDialog.hpp */ = {isa = PBXFileReference; lastKnownFileType = sourcecode.cpp.h; path = UIOpenFileDialog.hpp; sourceTree = "<group>"; };
		AF6C0BBF209E24AF006F222B /* UIPanel.hpp */ = {isa = PBXFileReference; lastKnownFileType = sourcecode.cpp.h; path = UIPanel.hpp; sourceTree = "<group>"; };
		AF74D6852042F87C00A1D1DD /* Registry.hpp */ = {isa = PBXFileReference; lastKnownFileType = sourcecode.cpp.h; path = Registry.hpp; sourceTree = "<group>"; };
		AF74D68C204593CE00A1D1DD /* OpenGL.framework */ = {isa = PBXFileReference; lastKnownFileType = wrapper.framework; name = OpenGL.framework; path = System/Library/Frameworks/OpenGL.framework; sourceTree = SDKROOT; };
		AF8F1743207D038C00C8AB85 /* Texture.hpp */ = {isa = PBXFileReference; lastKnownFileType = sourcecode.cpp.h; path = Texture.hpp; sourceTree = "<group>"; };
		AF9087EA1F7AA618007B56FF /* Common.h */ = {isa = PBXFileReference; lastKnownFileType = sourcecode.c.h; path = Common.h; sourceTree = "<group>"; };
		AF9087EB1F7AA649007B56FF /* Preprocessor.h */ = {isa = PBXFileReference; lastKnownFileType = sourcecode.c.h; path = Preprocessor.h; sourceTree = "<group>"; };
		AF9087EC1F7AA690007B56FF /* Compiler.h */ = {isa = PBXFileReference; lastKnownFileType = sourcecode.c.h; path = Compiler.h; sourceTree = "<group>"; };
		AF9087ED1F7AA71A007B56FF /* Platform.h */ = {isa = PBXFileReference; lastKnownFileType = sourcecode.c.h; path = Platform.h; sourceTree = "<group>"; };
		AFA6D77C1F7550D8006B9CA8 /* AppDelegate.mm */ = {isa = PBXFileReference; fileEncoding = 4; lastKnownFileType = sourcecode.cpp.objcpp; path = AppDelegate.mm; sourceTree = "<group>"; };
		AFA6D77E1F7550EF006B9CA8 /* AppDelegate.h */ = {isa = PBXFileReference; lastKnownFileType = sourcecode.c.h; path = AppDelegate.h; sourceTree = "<group>"; };
		AFA6D7861F7555FE006B9CA8 /* ViewController.h */ = {isa = PBXFileReference; lastKnownFileType = sourcecode.c.h; path = ViewController.h; sourceTree = "<group>"; };
		AFA6D7871F755620006B9CA8 /* ViewController.m */ = {isa = PBXFileReference; fileEncoding = 4; lastKnownFileType = sourcecode.c.objc; path = ViewController.m; sourceTree = "<group>"; };
		AFA6D7891F756A9A006B9CA8 /* WindowIOS.mm */ = {isa = PBXFileReference; fileEncoding = 4; lastKnownFileType = sourcecode.cpp.objcpp; path = WindowIOS.mm; sourceTree = "<group>"; };
		AFA85F072079049E0083B81B /* RendererGLOSX.mm */ = {isa = PBXFileReference; lastKnownFileType = sourcecode.cpp.objcpp; path = RendererGLOSX.mm; sourceTree = "<group>"; };
		AFA85F09207904BC0083B81B /* RendererGLOSX.h */ = {isa = PBXFileReference; lastKnownFileType = sourcecode.c.h; path = RendererGLOSX.h; sourceTree = "<group>"; };
		AFA86011207A46240083B81B /* Scene.hpp */ = {isa = PBXFileReference; lastKnownFileType = sourcecode.cpp.h; path = Scene.hpp; sourceTree = "<group>"; };
		AFBC207820A3436D00563C85 /* OBJModel.hpp */ = {isa = PBXFileReference; lastKnownFileType = sourcecode.cpp.h; path = OBJModel.hpp; sourceTree = "<group>"; };
		AFBC208520A3491500563C85 /* PBROBJModel.hpp */ = {isa = PBXFileReference; lastKnownFileType = sourcecode.cpp.h; path = PBROBJModel.hpp; sourceTree = "<group>"; };
		AFCBE1B52095E635001B3AF5 /* UI.hpp */ = {isa = PBXFileReference; lastKnownFileType = sourcecode.cpp.h; path = UI.hpp; sourceTree = "<group>"; };
/* End PBXFileReference section */

/* Begin PBXFrameworksBuildPhase section */
		AF12C95D1F76B81A00729018 /* Frameworks */ = {
			isa = PBXFrameworksBuildPhase;
			buildActionMask = 2147483647;
			files = (
				AF74D68D204593CE00A1D1DD /* OpenGL.framework in Frameworks */,
				AF0B010C1F819108005F700E /* QuartzCore.framework in Frameworks */,
				AF0B010A1F8190F4005F700E /* Metal.framework in Frameworks */,
				AF12C9641F76B84400729018 /* AppKit.framework in Frameworks */,
			);
			runOnlyForDeploymentPostprocessing = 0;
		};
		AF143EF71F716032000D0788 /* Frameworks */ = {
			isa = PBXFrameworksBuildPhase;
			buildActionMask = 2147483647;
			files = (
			);
			runOnlyForDeploymentPostprocessing = 0;
		};
/* End PBXFrameworksBuildPhase section */

/* Begin PBXGroup section */
		2C80B8D71F641B0100DA33C4 = {
			isa = PBXGroup;
			children = (
				2C80B8E21F641B0100DA33C4 /* Aha */,
				2C80B8E11F641B0100DA33C4 /* Products */,
				2C80B9191F64285C00DA33C4 /* Frameworks */,
			);
			sourceTree = "<group>";
		};
		2C80B8E11F641B0100DA33C4 /* Products */ = {
			isa = PBXGroup;
			children = (
				AF143EFA1F716032000D0788 /* libAhaIOS.a */,
				AF12C9601F76B81A00729018 /* libAhaOSX.a */,
			);
			name = Products;
			sourceTree = "<group>";
		};
		2C80B8E21F641B0100DA33C4 /* Aha */ = {
			isa = PBXGroup;
			children = (
				AF3F280120AB1F4900F9AD2D /* external */,
				AFCBE1B32095DF41001B3AF5 /* UI */,
				AF0B01061F818B3A005F700E /* Math */,
				AF0B01031F81763B005F700E /* Policies */,
				AF9087E91F7AA60A007B56FF /* Preprocessor */,
				2C80B9051F64213200DA33C4 /* Android */,
				2C80B9061F64213F00DA33C4 /* IOS */,
				2C80B9071F64214D00DA33C4 /* OSX */,
				2C80B9081F64215700DA33C4 /* Win */,
				AF0D3F601F702438008864DD /* Config */,
				2C80B8F91F641DA500DA33C4 /* Aha.h */,
				AF6C0BB8209A2531006F222B /* Aha.cpp */,
				2C80B8FA1F641DD200DA33C4 /* Application.hpp */,
				2C80B8FE1F641EA800DA33C4 /* Window.hpp */,
				2C80B9031F6420B500DA33C4 /* SelectValue.hpp */,
				AF0B01021F817403005F700E /* Renderer.hpp */,
				AF74D6852042F87C00A1D1DD /* Registry.hpp */,
				AFA86011207A46240083B81B /* Scene.hpp */,
				AF8F1743207D038C00C8AB85 /* Texture.hpp */,
				AF336B09208B7AD700A6B95B /* Shader.hpp */,
				AF336C45208CB07C00A6B95B /* Camera.hpp */,
				AF336C46208CC3E800A6B95B /* Signal.hpp */,
				AF336C47208CC6F300A6B95B /* Event.hpp */,
				AF2F36A0208F7FA000969216 /* Timer.hpp */,
				AFBC207820A3436D00563C85 /* OBJModel.hpp */,
				AFBC208520A3491500563C85 /* PBROBJModel.hpp */,
				AF3F22F420A710CA00F9AD2D /* HDRCubemap.hpp */,
				AF3F27D120A73C0A00F9AD2D /* ControlledCamera.hpp */,
				AF3F27D220A7572B00F9AD2D /* PBRQuad.hpp */,
			);
			path = Aha;
			sourceTree = "<group>";
		};
		2C80B9051F64213200DA33C4 /* Android */ = {
			isa = PBXGroup;
			children = (
				2C80B90D1F64225900DA33C4 /* WindowAndroid.h */,
			);
			path = Android;
			sourceTree = "<group>";
		};
		2C80B9061F64213F00DA33C4 /* IOS */ = {
			isa = PBXGroup;
			children = (
				2C80B90E1F64228A00DA33C4 /* WindowIOS.h */,
				AFA6D7891F756A9A006B9CA8 /* WindowIOS.mm */,
				AFA6D77C1F7550D8006B9CA8 /* AppDelegate.mm */,
				AFA6D77E1F7550EF006B9CA8 /* AppDelegate.h */,
				AFA6D7861F7555FE006B9CA8 /* ViewController.h */,
				AFA6D7871F755620006B9CA8 /* ViewController.m */,
				AF0B01111F8195B3005F700E /* GraphicsDriverMetal.h */,
				AF0B01151F819662005F700E /* MetalView.h */,
				AF0B01161F819662005F700E /* MetalView.m */,
			);
			path = IOS;
			sourceTree = "<group>";
		};
		2C80B9071F64214D00DA33C4 /* OSX */ = {
			isa = PBXGroup;
			children = (
				2C80B90F1F6422AC00DA33C4 /* WindowOSX.h */,
				2C80B9171F64278700DA33C4 /* WindowOSX.mm */,
				AFA85F072079049E0083B81B /* RendererGLOSX.mm */,
				AFA85F09207904BC0083B81B /* RendererGLOSX.h */,
			);
			path = OSX;
			sourceTree = "<group>";
		};
		2C80B9081F64215700DA33C4 /* Win */ = {
			isa = PBXGroup;
			children = (
				2C80B9141F64254D00DA33C4 /* WindowWin.h */,
			);
			path = Win;
			sourceTree = "<group>";
		};
		2C80B9191F64285C00DA33C4 /* Frameworks */ = {
			isa = PBXGroup;
			children = (
				AF74D68C204593CE00A1D1DD /* OpenGL.framework */,
				AF0B010B1F819108005F700E /* QuartzCore.framework */,
				AF0B01091F8190F4005F700E /* Metal.framework */,
				2C80B91A1F64285C00DA33C4 /* AppKit.framework */,
			);
			name = Frameworks;
			sourceTree = "<group>";
		};
		AF0B01031F81763B005F700E /* Policies */ = {
			isa = PBXGroup;
			children = (
				AF0B01041F817673005F700E /* HasID.hpp */,
				AF12BC692003D2830000A955 /* Name.hpp */,
				AF12BC6A2003D33D0000A955 /* HasPosition.hpp */,
				AF12BC6B2003D3EE0000A955 /* HasSize.hpp */,
				AF12BC6C2003D4260000A955 /* Scale.hpp */,
				AF12BC6D2003D4DC0000A955 /* HasColor.hpp */,
				AF12BC6E2003D51E0000A955 /* Rotation.hpp */,
				AF12BC6F2003D6EF0000A955 /* HasParent.hpp */,
				AF12BC702003D7CA0000A955 /* HasChildren.hpp */,
			);
			path = Policies;
			sourceTree = "<group>";
		};
		AF0B01061F818B3A005F700E /* Math */ = {
			isa = PBXGroup;
			children = (
				AF0B01071F818DA1005F700E /* Vec2.hpp */,
				AF16361D2099ED6900698574 /* Vec3.hpp */,
				AF16361C2098D51700698574 /* Vec4.hpp */,
				AF0B01081F818E63005F700E /* Rect.h */,
				AF16361B2098D4DA00698574 /* Color.hpp */,
			);
			path = Math;
			sourceTree = "<group>";
		};
		AF0D3F601F702438008864DD /* Config */ = {
			isa = PBXGroup;
			children = (
				AF0D3F611F702457008864DD /* Compiler.hpp */,
				AF0D3F621F704005008864DD /* Config.hpp */,
				AF0D3F631F70403D008864DD /* Platform.hpp */,
			);
			path = Config;
			sourceTree = "<group>";
		};
		AF3F280120AB1F4900F9AD2D /* external */ = {
			isa = PBXGroup;
			children = (
				AF3F291F20AB29F800F9AD2D /* trackball */,
				AF3F291D20AB291900F9AD2D /* tiny_obj_loader */,
				AF3F281620AB21C600F9AD2D /* glm */,
				AF3F280A20AB215800F9AD2D /* nanovg */,
				AF3F280620AB202300F9AD2D /* stb */,
				AF3F280420AB1F9C00F9AD2D /* json */,
				AF3F280220AB1F9C00F9AD2D /* tiny_gltf */,
			);
			path = external;
			sourceTree = "<group>";
		};
		AF3F280220AB1F9C00F9AD2D /* tiny_gltf */ = {
			isa = PBXGroup;
			children = (
				AF3F280320AB1F9C00F9AD2D /* tiny_gltf.h */,
			);
			path = tiny_gltf;
			sourceTree = "<group>";
		};
		AF3F280420AB1F9C00F9AD2D /* json */ = {
			isa = PBXGroup;
			children = (
				AF3F280520AB1F9D00F9AD2D /* json.hpp */,
			);
			path = json;
			sourceTree = "<group>";
		};
		AF3F280620AB202300F9AD2D /* stb */ = {
			isa = PBXGroup;
			children = (
				AF3F280720AB202300F9AD2D /* stb_image.h */,
				AF3F280820AB202300F9AD2D /* stb_image_write.h */,
				AF3F280920AB202300F9AD2D /* stb_truetype.h */,
			);
			path = stb;
			sourceTree = "<group>";
		};
		AF3F280A20AB215800F9AD2D /* nanovg */ = {
			isa = PBXGroup;
			children = (
				AF3F280B20AB219400F9AD2D /* fontstash.h */,
				AF3F280D20AB219400F9AD2D /* nanovg_gl_utils.h */,
				AF3F280C20AB219400F9AD2D /* nanovg_gl.h */,
				AF3F280E20AB219400F9AD2D /* nanovg.c */,
				AF3F280F20AB219400F9AD2D /* nanovg.h */,
			);
			path = nanovg;
			sourceTree = "<group>";
		};
		AF3F281620AB21C600F9AD2D /* glm */ = {
			isa = PBXGroup;
			children = (
				AF3F281720AB21C600F9AD2D /* CMakeLists.txt */,
				AF3F281820AB21C600F9AD2D /* common.hpp */,
				AF3F281920AB21C600F9AD2D /* detail */,
				AF3F286220AB21C600F9AD2D /* exponential.hpp */,
				AF3F286320AB21C600F9AD2D /* ext.hpp */,
				AF3F286420AB21C600F9AD2D /* fwd.hpp */,
				AF3F286520AB21C600F9AD2D /* geometric.hpp */,
				AF3F286620AB21C600F9AD2D /* glm.hpp */,
				AF3F286720AB21C600F9AD2D /* gtc */,
				AF3F289220AB21C600F9AD2D /* gtx */,
				AF3F290220AB21C600F9AD2D /* integer.hpp */,
				AF3F290320AB21C600F9AD2D /* mat2x2.hpp */,
				AF3F290420AB21C600F9AD2D /* mat2x3.hpp */,
				AF3F290520AB21C600F9AD2D /* mat2x4.hpp */,
				AF3F290620AB21C600F9AD2D /* mat3x2.hpp */,
				AF3F290720AB21C600F9AD2D /* mat3x3.hpp */,
				AF3F290820AB21C600F9AD2D /* mat3x4.hpp */,
				AF3F290920AB21C600F9AD2D /* mat4x2.hpp */,
				AF3F290A20AB21C600F9AD2D /* mat4x3.hpp */,
				AF3F290B20AB21C600F9AD2D /* mat4x4.hpp */,
				AF3F290C20AB21C600F9AD2D /* matrix.hpp */,
				AF3F290D20AB21C700F9AD2D /* packing.hpp */,
				AF3F290E20AB21C700F9AD2D /* simd */,
				AF3F291820AB21C700F9AD2D /* trigonometric.hpp */,
				AF3F291920AB21C700F9AD2D /* vec2.hpp */,
				AF3F291A20AB21C700F9AD2D /* vec3.hpp */,
				AF3F291B20AB21C700F9AD2D /* vec4.hpp */,
				AF3F291C20AB21C700F9AD2D /* vector_relational.hpp */,
			);
			path = glm;
			sourceTree = "<group>";
		};
		AF3F281920AB21C600F9AD2D /* detail */ = {
			isa = PBXGroup;
			children = (
				AF3F281A20AB21C600F9AD2D /* _features.hpp */,
				AF3F281B20AB21C600F9AD2D /* _fixes.hpp */,
				AF3F281C20AB21C600F9AD2D /* _noise.hpp */,
				AF3F281D20AB21C600F9AD2D /* _swizzle.hpp */,
				AF3F281E20AB21C600F9AD2D /* _swizzle_func.hpp */,
				AF3F281F20AB21C600F9AD2D /* _vectorize.hpp */,
				AF3F282020AB21C600F9AD2D /* dummy.cpp */,
				AF3F282120AB21C600F9AD2D /* func_common.hpp */,
				AF3F282220AB21C600F9AD2D /* func_common.inl */,
				AF3F282320AB21C600F9AD2D /* func_common_simd.inl */,
				AF3F282420AB21C600F9AD2D /* func_exponential.hpp */,
				AF3F282520AB21C600F9AD2D /* func_exponential.inl */,
				AF3F282620AB21C600F9AD2D /* func_exponential_simd.inl */,
				AF3F282720AB21C600F9AD2D /* func_geometric.hpp */,
				AF3F282820AB21C600F9AD2D /* func_geometric.inl */,
				AF3F282920AB21C600F9AD2D /* func_geometric_simd.inl */,
				AF3F282A20AB21C600F9AD2D /* func_integer.hpp */,
				AF3F282B20AB21C600F9AD2D /* func_integer.inl */,
				AF3F282C20AB21C600F9AD2D /* func_integer_simd.inl */,
				AF3F282D20AB21C600F9AD2D /* func_matrix.hpp */,
				AF3F282E20AB21C600F9AD2D /* func_matrix.inl */,
				AF3F282F20AB21C600F9AD2D /* func_matrix_simd.inl */,
				AF3F283020AB21C600F9AD2D /* func_packing.hpp */,
				AF3F283120AB21C600F9AD2D /* func_packing.inl */,
				AF3F283220AB21C600F9AD2D /* func_packing_simd.inl */,
				AF3F283320AB21C600F9AD2D /* func_trigonometric.hpp */,
				AF3F283420AB21C600F9AD2D /* func_trigonometric.inl */,
				AF3F283520AB21C600F9AD2D /* func_trigonometric_simd.inl */,
				AF3F283620AB21C600F9AD2D /* func_vector_relational.hpp */,
				AF3F283720AB21C600F9AD2D /* func_vector_relational.inl */,
				AF3F283820AB21C600F9AD2D /* func_vector_relational_simd.inl */,
				AF3F283920AB21C600F9AD2D /* glm.cpp */,
				AF3F283A20AB21C600F9AD2D /* precision.hpp */,
				AF3F283B20AB21C600F9AD2D /* setup.hpp */,
				AF3F283C20AB21C600F9AD2D /* type_float.hpp */,
				AF3F283D20AB21C600F9AD2D /* type_gentype.hpp */,
				AF3F283E20AB21C600F9AD2D /* type_gentype.inl */,
				AF3F283F20AB21C600F9AD2D /* type_half.hpp */,
				AF3F284020AB21C600F9AD2D /* type_half.inl */,
				AF3F284120AB21C600F9AD2D /* type_int.hpp */,
				AF3F284220AB21C600F9AD2D /* type_mat.hpp */,
				AF3F284320AB21C600F9AD2D /* type_mat.inl */,
				AF3F284420AB21C600F9AD2D /* type_mat2x2.hpp */,
				AF3F284520AB21C600F9AD2D /* type_mat2x2.inl */,
				AF3F284620AB21C600F9AD2D /* type_mat2x3.hpp */,
				AF3F284720AB21C600F9AD2D /* type_mat2x3.inl */,
				AF3F284820AB21C600F9AD2D /* type_mat2x4.hpp */,
				AF3F284920AB21C600F9AD2D /* type_mat2x4.inl */,
				AF3F284A20AB21C600F9AD2D /* type_mat3x2.hpp */,
				AF3F284B20AB21C600F9AD2D /* type_mat3x2.inl */,
				AF3F284C20AB21C600F9AD2D /* type_mat3x3.hpp */,
				AF3F284D20AB21C600F9AD2D /* type_mat3x3.inl */,
				AF3F284E20AB21C600F9AD2D /* type_mat3x4.hpp */,
				AF3F284F20AB21C600F9AD2D /* type_mat3x4.inl */,
				AF3F285020AB21C600F9AD2D /* type_mat4x2.hpp */,
				AF3F285120AB21C600F9AD2D /* type_mat4x2.inl */,
				AF3F285220AB21C600F9AD2D /* type_mat4x3.hpp */,
				AF3F285320AB21C600F9AD2D /* type_mat4x3.inl */,
				AF3F285420AB21C600F9AD2D /* type_mat4x4.hpp */,
				AF3F285520AB21C600F9AD2D /* type_mat4x4.inl */,
				AF3F285620AB21C600F9AD2D /* type_mat4x4_simd.inl */,
				AF3F285720AB21C600F9AD2D /* type_vec.hpp */,
				AF3F285820AB21C600F9AD2D /* type_vec.inl */,
				AF3F285920AB21C600F9AD2D /* type_vec1.hpp */,
				AF3F285A20AB21C600F9AD2D /* type_vec1.inl */,
				AF3F285B20AB21C600F9AD2D /* type_vec2.hpp */,
				AF3F285C20AB21C600F9AD2D /* type_vec2.inl */,
				AF3F285D20AB21C600F9AD2D /* type_vec3.hpp */,
				AF3F285E20AB21C600F9AD2D /* type_vec3.inl */,
				AF3F285F20AB21C600F9AD2D /* type_vec4.hpp */,
				AF3F286020AB21C600F9AD2D /* type_vec4.inl */,
				AF3F286120AB21C600F9AD2D /* type_vec4_simd.inl */,
			);
			path = detail;
			sourceTree = "<group>";
		};
		AF3F286720AB21C600F9AD2D /* gtc */ = {
			isa = PBXGroup;
			children = (
				AF3F286820AB21C600F9AD2D /* bitfield.hpp */,
				AF3F286920AB21C600F9AD2D /* bitfield.inl */,
				AF3F286A20AB21C600F9AD2D /* color_encoding.inl */,
				AF3F286B20AB21C600F9AD2D /* color_space.hpp */,
				AF3F286C20AB21C600F9AD2D /* color_space.inl */,
				AF3F286D20AB21C600F9AD2D /* constants.hpp */,
				AF3F286E20AB21C600F9AD2D /* constants.inl */,
				AF3F286F20AB21C600F9AD2D /* epsilon.hpp */,
				AF3F287020AB21C600F9AD2D /* epsilon.inl */,
				AF3F287120AB21C600F9AD2D /* functions.hpp */,
				AF3F287220AB21C600F9AD2D /* functions.inl */,
				AF3F287320AB21C600F9AD2D /* integer.hpp */,
				AF3F287420AB21C600F9AD2D /* integer.inl */,
				AF3F287520AB21C600F9AD2D /* matrix_access.hpp */,
				AF3F287620AB21C600F9AD2D /* matrix_access.inl */,
				AF3F287720AB21C600F9AD2D /* matrix_integer.hpp */,
				AF3F287820AB21C600F9AD2D /* matrix_inverse.hpp */,
				AF3F287920AB21C600F9AD2D /* matrix_inverse.inl */,
				AF3F287A20AB21C600F9AD2D /* matrix_transform.hpp */,
				AF3F287B20AB21C600F9AD2D /* matrix_transform.inl */,
				AF3F287C20AB21C600F9AD2D /* noise.hpp */,
				AF3F287D20AB21C600F9AD2D /* noise.inl */,
				AF3F287E20AB21C600F9AD2D /* packing.hpp */,
				AF3F287F20AB21C600F9AD2D /* packing.inl */,
				AF3F288020AB21C600F9AD2D /* quaternion.hpp */,
				AF3F288120AB21C600F9AD2D /* quaternion.inl */,
				AF3F288220AB21C600F9AD2D /* quaternion_simd.inl */,
				AF3F288320AB21C600F9AD2D /* random.hpp */,
				AF3F288420AB21C600F9AD2D /* random.inl */,
				AF3F288520AB21C600F9AD2D /* reciprocal.hpp */,
				AF3F288620AB21C600F9AD2D /* reciprocal.inl */,
				AF3F288720AB21C600F9AD2D /* round.hpp */,
				AF3F288820AB21C600F9AD2D /* round.inl */,
				AF3F288920AB21C600F9AD2D /* type_aligned.hpp */,
				AF3F288A20AB21C600F9AD2D /* type_precision.hpp */,
				AF3F288B20AB21C600F9AD2D /* type_precision.inl */,
				AF3F288C20AB21C600F9AD2D /* type_ptr.hpp */,
				AF3F288D20AB21C600F9AD2D /* type_ptr.inl */,
				AF3F288E20AB21C600F9AD2D /* ulp.hpp */,
				AF3F288F20AB21C600F9AD2D /* ulp.inl */,
				AF3F289020AB21C600F9AD2D /* vec1.hpp */,
				AF3F289120AB21C600F9AD2D /* vec1.inl */,
			);
			path = gtc;
			sourceTree = "<group>";
		};
		AF3F289220AB21C600F9AD2D /* gtx */ = {
			isa = PBXGroup;
			children = (
				AF3F289320AB21C600F9AD2D /* associated_min_max.hpp */,
				AF3F289420AB21C600F9AD2D /* associated_min_max.inl */,
				AF3F289520AB21C600F9AD2D /* bit.hpp */,
				AF3F289620AB21C600F9AD2D /* bit.inl */,
				AF3F289720AB21C600F9AD2D /* closest_point.hpp */,
				AF3F289820AB21C600F9AD2D /* closest_point.inl */,
				AF3F289920AB21C600F9AD2D /* color_space.hpp */,
				AF3F289A20AB21C600F9AD2D /* color_space.inl */,
				AF3F289B20AB21C600F9AD2D /* color_space_YCoCg.hpp */,
				AF3F289C20AB21C600F9AD2D /* color_space_YCoCg.inl */,
				AF3F289D20AB21C600F9AD2D /* common.hpp */,
				AF3F289E20AB21C600F9AD2D /* common.inl */,
				AF3F289F20AB21C600F9AD2D /* compatibility.hpp */,
				AF3F28A020AB21C600F9AD2D /* compatibility.inl */,
				AF3F28A120AB21C600F9AD2D /* component_wise.hpp */,
				AF3F28A220AB21C600F9AD2D /* component_wise.inl */,
				AF3F28A320AB21C600F9AD2D /* dual_quaternion.hpp */,
				AF3F28A420AB21C600F9AD2D /* dual_quaternion.inl */,
				AF3F28A520AB21C600F9AD2D /* euler_angles.hpp */,
				AF3F28A620AB21C600F9AD2D /* euler_angles.inl */,
				AF3F28A720AB21C600F9AD2D /* extend.hpp */,
				AF3F28A820AB21C600F9AD2D /* extend.inl */,
				AF3F28A920AB21C600F9AD2D /* extended_min_max.hpp */,
				AF3F28AA20AB21C600F9AD2D /* extended_min_max.inl */,
				AF3F28AB20AB21C600F9AD2D /* fast_exponential.hpp */,
				AF3F28AC20AB21C600F9AD2D /* fast_exponential.inl */,
				AF3F28AD20AB21C600F9AD2D /* fast_square_root.hpp */,
				AF3F28AE20AB21C600F9AD2D /* fast_square_root.inl */,
				AF3F28AF20AB21C600F9AD2D /* fast_trigonometry.hpp */,
				AF3F28B020AB21C600F9AD2D /* fast_trigonometry.inl */,
				AF3F28B120AB21C600F9AD2D /* float_notmalize.inl */,
				AF3F28B220AB21C600F9AD2D /* gradient_paint.hpp */,
				AF3F28B320AB21C600F9AD2D /* gradient_paint.inl */,
				AF3F28B420AB21C600F9AD2D /* handed_coordinate_space.hpp */,
				AF3F28B520AB21C600F9AD2D /* handed_coordinate_space.inl */,
				AF3F28B620AB21C600F9AD2D /* hash.hpp */,
				AF3F28B720AB21C600F9AD2D /* hash.inl */,
				AF3F28B820AB21C600F9AD2D /* integer.hpp */,
				AF3F28B920AB21C600F9AD2D /* integer.inl */,
				AF3F28BA20AB21C600F9AD2D /* intersect.hpp */,
				AF3F28BB20AB21C600F9AD2D /* intersect.inl */,
				AF3F28BC20AB21C600F9AD2D /* io.hpp */,
				AF3F28BD20AB21C600F9AD2D /* io.inl */,
				AF3F28BE20AB21C600F9AD2D /* log_base.hpp */,
				AF3F28BF20AB21C600F9AD2D /* log_base.inl */,
				AF3F28C020AB21C600F9AD2D /* matrix_cross_product.hpp */,
				AF3F28C120AB21C600F9AD2D /* matrix_cross_product.inl */,
				AF3F28C220AB21C600F9AD2D /* matrix_decompose.hpp */,
				AF3F28C320AB21C600F9AD2D /* matrix_decompose.inl */,
				AF3F28C420AB21C600F9AD2D /* matrix_interpolation.hpp */,
				AF3F28C520AB21C600F9AD2D /* matrix_interpolation.inl */,
				AF3F28C620AB21C600F9AD2D /* matrix_major_storage.hpp */,
				AF3F28C720AB21C600F9AD2D /* matrix_major_storage.inl */,
				AF3F28C820AB21C600F9AD2D /* matrix_operation.hpp */,
				AF3F28C920AB21C600F9AD2D /* matrix_operation.inl */,
				AF3F28CA20AB21C600F9AD2D /* matrix_query.hpp */,
				AF3F28CB20AB21C600F9AD2D /* matrix_query.inl */,
				AF3F28CC20AB21C600F9AD2D /* matrix_transform_2d.hpp */,
				AF3F28CD20AB21C600F9AD2D /* matrix_transform_2d.inl */,
				AF3F28CE20AB21C600F9AD2D /* mixed_product.hpp */,
				AF3F28CF20AB21C600F9AD2D /* mixed_product.inl */,
				AF3F28D020AB21C600F9AD2D /* norm.hpp */,
				AF3F28D120AB21C600F9AD2D /* norm.inl */,
				AF3F28D220AB21C600F9AD2D /* normal.hpp */,
				AF3F28D320AB21C600F9AD2D /* normal.inl */,
				AF3F28D420AB21C600F9AD2D /* normalize_dot.hpp */,
				AF3F28D520AB21C600F9AD2D /* normalize_dot.inl */,
				AF3F28D620AB21C600F9AD2D /* number_precision.hpp */,
				AF3F28D720AB21C600F9AD2D /* number_precision.inl */,
				AF3F28D820AB21C600F9AD2D /* optimum_pow.hpp */,
				AF3F28D920AB21C600F9AD2D /* optimum_pow.inl */,
				AF3F28DA20AB21C600F9AD2D /* orthonormalize.hpp */,
				AF3F28DB20AB21C600F9AD2D /* orthonormalize.inl */,
				AF3F28DC20AB21C600F9AD2D /* perpendicular.hpp */,
				AF3F28DD20AB21C600F9AD2D /* perpendicular.inl */,
				AF3F28DE20AB21C600F9AD2D /* polar_coordinates.hpp */,
				AF3F28DF20AB21C600F9AD2D /* polar_coordinates.inl */,
				AF3F28E020AB21C600F9AD2D /* projection.hpp */,
				AF3F28E120AB21C600F9AD2D /* projection.inl */,
				AF3F28E220AB21C600F9AD2D /* quaternion.hpp */,
				AF3F28E320AB21C600F9AD2D /* quaternion.inl */,
				AF3F28E420AB21C600F9AD2D /* range.hpp */,
				AF3F28E520AB21C600F9AD2D /* raw_data.hpp */,
				AF3F28E620AB21C600F9AD2D /* raw_data.inl */,
				AF3F28E720AB21C600F9AD2D /* rotate_normalized_axis.hpp */,
				AF3F28E820AB21C600F9AD2D /* rotate_normalized_axis.inl */,
				AF3F28E920AB21C600F9AD2D /* rotate_vector.hpp */,
				AF3F28EA20AB21C600F9AD2D /* rotate_vector.inl */,
				AF3F28EB20AB21C600F9AD2D /* scalar_multiplication.hpp */,
				AF3F28EC20AB21C600F9AD2D /* scalar_relational.hpp */,
				AF3F28ED20AB21C600F9AD2D /* scalar_relational.inl */,
				AF3F28EE20AB21C600F9AD2D /* spline.hpp */,
				AF3F28EF20AB21C600F9AD2D /* spline.inl */,
				AF3F28F020AB21C600F9AD2D /* std_based_type.hpp */,
				AF3F28F120AB21C600F9AD2D /* std_based_type.inl */,
				AF3F28F220AB21C600F9AD2D /* string_cast.hpp */,
				AF3F28F320AB21C600F9AD2D /* string_cast.inl */,
				AF3F28F420AB21C600F9AD2D /* transform.hpp */,
				AF3F28F520AB21C600F9AD2D /* transform.inl */,
				AF3F28F620AB21C600F9AD2D /* transform2.hpp */,
				AF3F28F720AB21C600F9AD2D /* transform2.inl */,
				AF3F28F820AB21C600F9AD2D /* type_aligned.hpp */,
				AF3F28F920AB21C600F9AD2D /* type_aligned.inl */,
				AF3F28FA20AB21C600F9AD2D /* type_trait.hpp */,
				AF3F28FB20AB21C600F9AD2D /* type_trait.inl */,
				AF3F28FC20AB21C600F9AD2D /* vector_angle.hpp */,
				AF3F28FD20AB21C600F9AD2D /* vector_angle.inl */,
				AF3F28FE20AB21C600F9AD2D /* vector_query.hpp */,
				AF3F28FF20AB21C600F9AD2D /* vector_query.inl */,
				AF3F290020AB21C600F9AD2D /* wrap.hpp */,
				AF3F290120AB21C600F9AD2D /* wrap.inl */,
			);
			path = gtx;
			sourceTree = "<group>";
		};
		AF3F290E20AB21C700F9AD2D /* simd */ = {
			isa = PBXGroup;
			children = (
				AF3F290F20AB21C700F9AD2D /* common.h */,
				AF3F291020AB21C700F9AD2D /* exponential.h */,
				AF3F291120AB21C700F9AD2D /* geometric.h */,
				AF3F291220AB21C700F9AD2D /* integer.h */,
				AF3F291320AB21C700F9AD2D /* matrix.h */,
				AF3F291420AB21C700F9AD2D /* packing.h */,
				AF3F291520AB21C700F9AD2D /* platform.h */,
				AF3F291620AB21C700F9AD2D /* trigonometric.h */,
				AF3F291720AB21C700F9AD2D /* vector_relational.h */,
			);
			path = simd;
			sourceTree = "<group>";
		};
		AF3F291D20AB291900F9AD2D /* tiny_obj_loader */ = {
			isa = PBXGroup;
			children = (
				AF3F291E20AB296000F9AD2D /* tiny_obj_loader.h */,
			);
			path = tiny_obj_loader;
			sourceTree = "<group>";
		};
		AF3F291F20AB29F800F9AD2D /* trackball */ = {
			isa = PBXGroup;
			children = (
				AF3F292020AB2A1C00F9AD2D /* trackball.cpp */,
				AF3F292120AB2A1C00F9AD2D /* trackball.h */,
			);
			path = trackball;
			sourceTree = "<group>";
		};
		AF9087E91F7AA60A007B56FF /* Preprocessor */ = {
			isa = PBXGroup;
			children = (
				AF9087EA1F7AA618007B56FF /* Common.h */,
				AF9087EB1F7AA649007B56FF /* Preprocessor.h */,
				AF9087EC1F7AA690007B56FF /* Compiler.h */,
				AF9087ED1F7AA71A007B56FF /* Platform.h */,
			);
			path = Preprocessor;
			sourceTree = "<group>";
		};
		AFCBE1B32095DF41001B3AF5 /* UI */ = {
			isa = PBXGroup;
			children = (
				AFCBE1B52095E635001B3AF5 /* UI.hpp */,
				AF1636152097393700698574 /* UICheckBox.hpp */,
				AF163616209745BC00698574 /* UIRespondsToMouseEvents.hpp */,
				AF1636172097494D00698574 /* UIMouseEvents.hpp */,
				AF1636182098B3D400698574 /* Widget.hpp */,
				AF16361F209A1A5800698574 /* Layout.cpp */,
				AF1636192098BB3600698574 /* Layout.hpp */,
				AF16361A2098CF0900698574 /* Theme.hpp */,
				AF16361E2099F9D200698574 /* Entypo.hpp */,
				AF163623209A200100698574 /* UIWindow.hpp */,
				AF6C0BBB209B6D1C006F222B /* UILabel.hpp */,
				AF6C0BBC209CC871006F222B /* UISlider.hpp */,
				AF6C0BBD209DFB29006F222B /* UIButton.hpp */,
				AF6C0BBE209E177A006F222B /* UIOpenFileDialog.hpp */,
				AF6C0BBF209E24AF006F222B /* UIPanel.hpp */,
			);
			path = UI;
			sourceTree = "<group>";
		};
/* End PBXGroup section */

/* Begin PBXHeadersBuildPhase section */
		AF12C95E1F76B81A00729018 /* Headers */ = {
			isa = PBXHeadersBuildPhase;
			buildActionMask = 2147483647;
			files = (
				AF3F281220AB219400F9AD2D /* nanovg_gl_utils.h in Headers */,
				AF3F281120AB219400F9AD2D /* nanovg_gl.h in Headers */,
				AF3F281520AB219400F9AD2D /* nanovg.h in Headers */,
				AF3F281020AB219400F9AD2D /* fontstash.h in Headers */,
				AF3F292420AB2A1C00F9AD2D /* trackball.h in Headers */,
			);
			runOnlyForDeploymentPostprocessing = 0;
		};
/* End PBXHeadersBuildPhase section */

/* Begin PBXNativeTarget section */
		AF12C95F1F76B81A00729018 /* AhaOSX */ = {
			isa = PBXNativeTarget;
			buildConfigurationList = AF12C9631F76B81A00729018 /* Build configuration list for PBXNativeTarget "AhaOSX" */;
			buildPhases = (
				AF12C95C1F76B81A00729018 /* Sources */,
				AF12C95D1F76B81A00729018 /* Frameworks */,
				AF12C95E1F76B81A00729018 /* Headers */,
			);
			buildRules = (
			);
			dependencies = (
			);
			name = AhaOSX;
			productName = AhaOSX;
			productReference = AF12C9601F76B81A00729018 /* libAhaOSX.a */;
			productType = "com.apple.product-type.library.static";
		};
		AF143EF91F716032000D0788 /* AhaIOS */ = {
			isa = PBXNativeTarget;
			buildConfigurationList = AF143F001F716032000D0788 /* Build configuration list for PBXNativeTarget "AhaIOS" */;
			buildPhases = (
				AF143EF61F716032000D0788 /* Sources */,
				AF143EF71F716032000D0788 /* Frameworks */,
				AF143EF81F716032000D0788 /* CopyFiles */,
			);
			buildRules = (
			);
			dependencies = (
			);
			name = AhaIOS;
			productName = AhaIOS;
			productReference = AF143EFA1F716032000D0788 /* libAhaIOS.a */;
			productType = "com.apple.product-type.library.static";
		};
/* End PBXNativeTarget section */

/* Begin PBXProject section */
		2C80B8D81F641B0100DA33C4 /* Project object */ = {
			isa = PBXProject;
			attributes = {
				LastUpgradeCheck = 0920;
				ORGANIZATIONNAME = "Saurabh Sinha";
				TargetAttributes = {
					AF12C95F1F76B81A00729018 = {
						CreatedOnToolsVersion = 8.3.3;
						ProvisioningStyle = Automatic;
					};
					AF143EF91F716032000D0788 = {
						CreatedOnToolsVersion = 8.3.3;
						ProvisioningStyle = Automatic;
					};
				};
			};
			buildConfigurationList = 2C80B8DB1F641B0100DA33C4 /* Build configuration list for PBXProject "Aha" */;
			compatibilityVersion = "Xcode 3.2";
			developmentRegion = English;
			hasScannedForEncodings = 0;
			knownRegions = (
				en,
			);
			mainGroup = 2C80B8D71F641B0100DA33C4;
			productRefGroup = 2C80B8E11F641B0100DA33C4 /* Products */;
			projectDirPath = "";
			projectRoot = "";
			targets = (
				AF143EF91F716032000D0788 /* AhaIOS */,
				AF12C95F1F76B81A00729018 /* AhaOSX */,
			);
		};
/* End PBXProject section */

/* Begin PBXSourcesBuildPhase section */
		AF12C95C1F76B81A00729018 /* Sources */ = {
			isa = PBXSourcesBuildPhase;
			buildActionMask = 2147483647;
			files = (
				AF3F292320AB2A1C00F9AD2D /* trackball.cpp in Sources */,
				AF6C0BBA209A2531006F222B /* Aha.cpp in Sources */,
				AF3F281420AB219400F9AD2D /* nanovg.c in Sources */,
				AFA85F082079049E0083B81B /* RendererGLOSX.mm in Sources */,
				AF163621209A1A5800698574 /* Layout.cpp in Sources */,
				AF7F45021F76C5F900EAFEA9 /* WindowOSX.mm in Sources */,
			);
			runOnlyForDeploymentPostprocessing = 0;
		};
		AF143EF61F716032000D0788 /* Sources */ = {
			isa = PBXSourcesBuildPhase;
			buildActionMask = 2147483647;
			files = (
				AFA6D7881F755620006B9CA8 /* ViewController.m in Sources */,
				AF3F281320AB219400F9AD2D /* nanovg.c in Sources */,
				AFA6D78A1F756A9A006B9CA8 /* WindowIOS.mm in Sources */,
				AF163620209A1A5800698574 /* Layout.cpp in Sources */,
				AFA6D77D1F7550D8006B9CA8 /* AppDelegate.mm in Sources */,
				AF3F292220AB2A1C00F9AD2D /* trackball.cpp in Sources */,
				AF6C0BB9209A2531006F222B /* Aha.cpp in Sources */,
				AF0B01171F819662005F700E /* MetalView.m in Sources */,
			);
			runOnlyForDeploymentPostprocessing = 0;
		};
/* End PBXSourcesBuildPhase section */

/* Begin XCBuildConfiguration section */
		2C80B8E71F641B0100DA33C4 /* Debug */ = {
			isa = XCBuildConfiguration;
			buildSettings = {
				ALWAYS_SEARCH_USER_PATHS = NO;
				CLANG_ANALYZER_NONNULL = YES;
				CLANG_CXX_LANGUAGE_STANDARD = "compiler-default";
				CLANG_CXX_LIBRARY = "compiler-default";
				CLANG_ENABLE_MODULES = YES;
				CLANG_ENABLE_OBJC_ARC = YES;
				CLANG_WARN_BLOCK_CAPTURE_AUTORELEASING = YES;
				CLANG_WARN_BOOL_CONVERSION = YES;
				CLANG_WARN_COMMA = YES;
				CLANG_WARN_CONSTANT_CONVERSION = YES;
				CLANG_WARN_DIRECT_OBJC_ISA_USAGE = YES_ERROR;
				CLANG_WARN_DOCUMENTATION_COMMENTS = YES;
				CLANG_WARN_EMPTY_BODY = YES;
				CLANG_WARN_ENUM_CONVERSION = YES;
				CLANG_WARN_INFINITE_RECURSION = YES;
				CLANG_WARN_INT_CONVERSION = YES;
				CLANG_WARN_NON_LITERAL_NULL_CONVERSION = YES;
				CLANG_WARN_OBJC_LITERAL_CONVERSION = YES;
				CLANG_WARN_OBJC_ROOT_CLASS = YES_ERROR;
				CLANG_WARN_RANGE_LOOP_ANALYSIS = YES;
				CLANG_WARN_STRICT_PROTOTYPES = YES;
				CLANG_WARN_SUSPICIOUS_MOVE = YES;
				CLANG_WARN_SUSPICIOUS_MOVES = YES;
				CLANG_WARN_UNREACHABLE_CODE = YES;
				CLANG_WARN__DUPLICATE_METHOD_MATCH = YES;
				CODE_SIGN_IDENTITY = "-";
				COPY_PHASE_STRIP = NO;
				DEBUG_INFORMATION_FORMAT = dwarf;
				ENABLE_STRICT_OBJC_MSGSEND = YES;
				ENABLE_TESTABILITY = YES;
				GCC_C_LANGUAGE_STANDARD = gnu99;
				GCC_DYNAMIC_NO_PIC = NO;
				GCC_NO_COMMON_BLOCKS = YES;
				GCC_OPTIMIZATION_LEVEL = 0;
				GCC_PREPROCESSOR_DEFINITIONS = (
					"DEBUG=1",
					"$(inherited)",
				);
				GCC_WARN_64_TO_32_BIT_CONVERSION = YES;
				GCC_WARN_ABOUT_RETURN_TYPE = YES_ERROR;
				GCC_WARN_UNDECLARED_SELECTOR = YES;
				GCC_WARN_UNINITIALIZED_AUTOS = YES_AGGRESSIVE;
				GCC_WARN_UNUSED_FUNCTION = YES;
				GCC_WARN_UNUSED_VARIABLE = YES;
				HEADER_SEARCH_PATHS = $PROJECT_DIR/Aha/assimp/include;
				MACOSX_DEPLOYMENT_TARGET = 10.11;
				MTL_ENABLE_DEBUG_INFO = YES;
				ONLY_ACTIVE_ARCH = YES;
				SDKROOT = macosx;
			};
			name = Debug;
		};
		2C80B8E81F641B0100DA33C4 /* Release */ = {
			isa = XCBuildConfiguration;
			buildSettings = {
				ALWAYS_SEARCH_USER_PATHS = NO;
				CLANG_ANALYZER_NONNULL = YES;
				CLANG_CXX_LANGUAGE_STANDARD = "compiler-default";
				CLANG_CXX_LIBRARY = "compiler-default";
				CLANG_ENABLE_MODULES = YES;
				CLANG_ENABLE_OBJC_ARC = YES;
				CLANG_WARN_BLOCK_CAPTURE_AUTORELEASING = YES;
				CLANG_WARN_BOOL_CONVERSION = YES;
				CLANG_WARN_COMMA = YES;
				CLANG_WARN_CONSTANT_CONVERSION = YES;
				CLANG_WARN_DIRECT_OBJC_ISA_USAGE = YES_ERROR;
				CLANG_WARN_DOCUMENTATION_COMMENTS = YES;
				CLANG_WARN_EMPTY_BODY = YES;
				CLANG_WARN_ENUM_CONVERSION = YES;
				CLANG_WARN_INFINITE_RECURSION = YES;
				CLANG_WARN_INT_CONVERSION = YES;
				CLANG_WARN_NON_LITERAL_NULL_CONVERSION = YES;
				CLANG_WARN_OBJC_LITERAL_CONVERSION = YES;
				CLANG_WARN_OBJC_ROOT_CLASS = YES_ERROR;
				CLANG_WARN_RANGE_LOOP_ANALYSIS = YES;
				CLANG_WARN_STRICT_PROTOTYPES = YES;
				CLANG_WARN_SUSPICIOUS_MOVE = YES;
				CLANG_WARN_SUSPICIOUS_MOVES = YES;
				CLANG_WARN_UNREACHABLE_CODE = YES;
				CLANG_WARN__DUPLICATE_METHOD_MATCH = YES;
				CODE_SIGN_IDENTITY = "-";
				COPY_PHASE_STRIP = NO;
				DEBUG_INFORMATION_FORMAT = "dwarf-with-dsym";
				ENABLE_NS_ASSERTIONS = NO;
				ENABLE_STRICT_OBJC_MSGSEND = YES;
				GCC_C_LANGUAGE_STANDARD = gnu99;
				GCC_NO_COMMON_BLOCKS = YES;
				GCC_WARN_64_TO_32_BIT_CONVERSION = YES;
				GCC_WARN_ABOUT_RETURN_TYPE = YES_ERROR;
				GCC_WARN_UNDECLARED_SELECTOR = YES;
				GCC_WARN_UNINITIALIZED_AUTOS = YES_AGGRESSIVE;
				GCC_WARN_UNUSED_FUNCTION = YES;
				GCC_WARN_UNUSED_VARIABLE = YES;
				HEADER_SEARCH_PATHS = $PROJECT_DIR/Aha/assimp/include;
				MACOSX_DEPLOYMENT_TARGET = 10.11;
				MTL_ENABLE_DEBUG_INFO = NO;
				SDKROOT = macosx;
			};
			name = Release;
		};
		AF12C9611F76B81A00729018 /* Debug */ = {
			isa = XCBuildConfiguration;
			buildSettings = {
				ALWAYS_SEARCH_USER_PATHS = YES;
				CLANG_ANALYZER_NUMBER_OBJECT_CONVERSION = YES_AGGRESSIVE;
				CLANG_CXX_LANGUAGE_STANDARD = "c++17";
				CLANG_ENABLE_OBJC_ARC = NO;
				EXECUTABLE_PREFIX = lib;
				HEADER_SEARCH_PATHS = "$(PROJECT_DIR)/Aha/assimp/include";
				LIBRARY_SEARCH_PATHS = (
					"$(inherited)",
					"$(PROJECT_DIR)/Aha/assimp/lib",
				);
				MACOSX_DEPLOYMENT_TARGET = 10.12;
				PRODUCT_NAME = "$(TARGET_NAME)";
				USER_HEADER_SEARCH_PATHS = "";
			};
			name = Debug;
		};
		AF12C9621F76B81A00729018 /* Release */ = {
			isa = XCBuildConfiguration;
			buildSettings = {
				ALWAYS_SEARCH_USER_PATHS = YES;
				CLANG_ANALYZER_NUMBER_OBJECT_CONVERSION = YES_AGGRESSIVE;
				CLANG_CXX_LANGUAGE_STANDARD = "c++17";
				CLANG_ENABLE_OBJC_ARC = NO;
				EXECUTABLE_PREFIX = lib;
				HEADER_SEARCH_PATHS = "$(PROJECT_DIR)/Aha/assimp/include";
				LIBRARY_SEARCH_PATHS = (
					"$(inherited)",
					"$(PROJECT_DIR)/Aha/assimp/lib",
				);
				MACOSX_DEPLOYMENT_TARGET = 10.12;
				PRODUCT_NAME = "$(TARGET_NAME)";
				USER_HEADER_SEARCH_PATHS = "";
			};
			name = Release;
		};
		AF143F011F716032000D0788 /* Debug */ = {
			isa = XCBuildConfiguration;
			buildSettings = {
				CLANG_ANALYZER_NUMBER_OBJECT_CONVERSION = YES_AGGRESSIVE;
				CLANG_CXX_LANGUAGE_STANDARD = "c++14";
				"CODE_SIGN_IDENTITY[sdk=iphoneos*]" = "iPhone Developer";
				IPHONEOS_DEPLOYMENT_TARGET = 10.3;
				LIBRARY_SEARCH_PATHS = (
					"$(inherited)",
					"$(PROJECT_DIR)/Aha/assimp/code/Debug",
					"$(PROJECT_DIR)/Aha/assimp/contrib/irrXML/Debug",
				);
				OTHER_LDFLAGS = "-ObjC";
				PRODUCT_NAME = "$(TARGET_NAME)";
				SDKROOT = iphoneos;
				SKIP_INSTALL = YES;
			};
			name = Debug;
		};
		AF143F021F716032000D0788 /* Release */ = {
			isa = XCBuildConfiguration;
			buildSettings = {
				CLANG_ANALYZER_NUMBER_OBJECT_CONVERSION = YES_AGGRESSIVE;
				CLANG_CXX_LANGUAGE_STANDARD = "c++14";
				"CODE_SIGN_IDENTITY[sdk=iphoneos*]" = "iPhone Developer";
				IPHONEOS_DEPLOYMENT_TARGET = 10.3;
				LIBRARY_SEARCH_PATHS = (
					"$(inherited)",
					"$(PROJECT_DIR)/Aha/assimp/code/Debug",
					"$(PROJECT_DIR)/Aha/assimp/contrib/irrXML/Debug",
				);
				OTHER_LDFLAGS = "-ObjC";
				PRODUCT_NAME = "$(TARGET_NAME)";
				SDKROOT = iphoneos;
				SKIP_INSTALL = YES;
				VALIDATE_PRODUCT = YES;
			};
			name = Release;
		};
/* End XCBuildConfiguration section */

/* Begin XCConfigurationList section */
		2C80B8DB1F641B0100DA33C4 /* Build configuration list for PBXProject "Aha" */ = {
			isa = XCConfigurationList;
			buildConfigurations = (
				2C80B8E71F641B0100DA33C4 /* Debug */,
				2C80B8E81F641B0100DA33C4 /* Release */,
			);
			defaultConfigurationIsVisible = 0;
			defaultConfigurationName = Release;
		};
		AF12C9631F76B81A00729018 /* Build configuration list for PBXNativeTarget "AhaOSX" */ = {
			isa = XCConfigurationList;
			buildConfigurations = (
				AF12C9611F76B81A00729018 /* Debug */,
				AF12C9621F76B81A00729018 /* Release */,
			);
			defaultConfigurationIsVisible = 0;
			defaultConfigurationName = Release;
		};
		AF143F001F716032000D0788 /* Build configuration list for PBXNativeTarget "AhaIOS" */ = {
			isa = XCConfigurationList;
			buildConfigurations = (
				AF143F011F716032000D0788 /* Debug */,
				AF143F021F716032000D0788 /* Release */,
			);
			defaultConfigurationIsVisible = 0;
			defaultConfigurationName = Release;
		};
/* End XCConfigurationList section */
	};
	rootObject = 2C80B8D81F641B0100DA33C4 /* Project object */;
}
